// !$*UTF8*$!
{
	archiveVersion = 1;
	classes = {
	};
	objectVersion = 46;
	objects = {

/* Begin PBXBuildFile section */
		DDAA502D3982345913C9385A /* pako.min.js in Sources */ = {isa = PBXBuildFile; fileRef = DDAA546068AA808773A44475 /* pako.min.js */; };
		DDAA5056C47AB29F4BFD5D4D /* jsEditor.js in Sources */ = {isa = PBXBuildFile; fileRef = DDAA59E7DF6E04578E0F4F11 /* jsEditor.js */; };
		DDAA505D83526CACD8BEAE28 /* SubdivisionModifier.js in Sources */ = {isa = PBXBuildFile; fileRef = DDAA58A68B3AD6541C366CEB /* SubdivisionModifier.js */; };
		DDAA5108FA65E4F9D6A1E675 /* cam.js in Sources */ = {isa = PBXBuildFile; fileRef = DDAA5B08E58D8D0CDBC74EAA /* cam.js */; };
		DDAA513C5E9C37176C306B4B /* worker.js in Sources */ = {isa = PBXBuildFile; fileRef = DDAA5622C29CE547B513B64F /* worker.js */; };
		DDAA513DEAB1F20CBF66578D /* geometry.js in Sources */ = {isa = PBXBuildFile; fileRef = DDAA594E8EF545C3CD0D0873 /* geometry.js */; };
		DDAA514E0F08D607D249A22C /* TrackballControls.js in Sources */ = {isa = PBXBuildFile; fileRef = DDAA5C1795288A876C637870 /* TrackballControls.js */; };
		DDAA51C7A0C9EE7238B6378F /* view.js in Sources */ = {isa = PBXBuildFile; fileRef = DDAA5F0312AAB5E2ACBE6A7A /* view.js */; };
		DDAA51E5DC9B01FFC2D2154E /* build-sandbox.js in Sources */ = {isa = PBXBuildFile; fileRef = DDAA52E5A7394BAD5D0799D3 /* build-sandbox.js */; };
		DDAA51F326C3B7DBDBA134E1 /* Makefile in Sources */ = {isa = PBXBuildFile; fileRef = DDAA5048B1B1F3BE543B936C /* Makefile */; };
		DDAA5219D9583110B392E36B /* elliptic.js in Sources */ = {isa = PBXBuildFile; fileRef = DDAA58FBD65B40549EC27922 /* elliptic.js */; };
		DDAA524E6774021C15E7F044 /* background.js in Sources */ = {isa = PBXBuildFile; fileRef = DDAA58422CF9EADC8397599D /* background.js */; };
		DDAA527F11BF37A7A90B4F67 /* spiIO.c in Sources */ = {isa = PBXBuildFile; fileRef = DDAA59BA108DAA54889DD24E /* spiIO.c */; };
		DDAA52913C0A0E6F56B49AF9 /* usb.c in Sources */ = {isa = PBXBuildFile; fileRef = DDAA584BFDA15E844B048D27 /* usb.c */; };
		DDAA52CCCB5E5211FCE50E45 /* job.js in Sources */ = {isa = PBXBuildFile; fileRef = DDAA5DFFCA6C2A31934FF748 /* job.js */; };
		DDAA52D5F1369521819B4C9E /* background.js in Sources */ = {isa = PBXBuildFile; fileRef = DDAA593347EC813B12F6ABB6 /* background.js */; };
		DDAA52E155F43FEF754302E3 /* cam.js in Sources */ = {isa = PBXBuildFile; fileRef = DDAA5E5BE56C40B964FEF1B4 /* cam.js */; };
		DDAA533472A073F79FA82002 /* connection.js in Sources */ = {isa = PBXBuildFile; fileRef = DDAA529E27A076D6E269389A /* connection.js */; };
		DDAA53561E04E2D74CF29A0D /* graphicView.js in Sources */ = {isa = PBXBuildFile; fileRef = DDAA5C8A7830C1829BD88573 /* graphicView.js */; };
		DDAA535A09CA8ECFEF222BB2 /* bezier.js in Sources */ = {isa = PBXBuildFile; fileRef = DDAA587EC27F95C78E5D93C2 /* bezier.js */; };
		DDAA5362E723C401443B5354 /* templates.js in Sources */ = {isa = PBXBuildFile; fileRef = DDAA5C0499B85D85B809052F /* templates.js */; };
		DDAA53647A0132493517CB99 /* text.js in Sources */ = {isa = PBXBuildFile; fileRef = DDAA5025C78B5E2021BC5F1C /* text.js */; };
		DDAA53EB6E3F53DD1452FF40 /* contour.js in Sources */ = {isa = PBXBuildFile; fileRef = DDAA51DE17B96DCF612B22D5 /* contour.js */; };
		DDAA53F8EC144A6CD65CB9E3 /* util.js in Sources */ = {isa = PBXBuildFile; fileRef = DDAA54B37F49D0A2AC135D5A /* util.js */; };
		DDAA5427DBFF039E57D1F32D /* task.js in Sources */ = {isa = PBXBuildFile; fileRef = DDAA5A32F9D205231BDF381E /* task.js */; };
		DDAA542953A819135BF87E2B /* wabble.js in Sources */ = {isa = PBXBuildFile; fileRef = DDAA5407DEE90E0E2A589DCE /* wabble.js */; };
		DDAA54852E03FAA2BCD78712 /* Makefile in Sources */ = {isa = PBXBuildFile; fileRef = DDAA5F4033A35CFACA352CEE /* Makefile */; };
		DDAA54A183E699E9FC378EA6 /* visucam.js in Sources */ = {isa = PBXBuildFile; fileRef = DDAA5C9FEE3CFFBDD4F6E9D2 /* visucam.js */; };
		DDAA54D76ECEC7A8B4F7AB6B /* twoDView.js in Sources */ = {isa = PBXBuildFile; fileRef = DDAA5A55C036357C8CD5193C /* twoDView.js */; };
		DDAA54F4DB4A58224EE863F6 /* text.js in Sources */ = {isa = PBXBuildFile; fileRef = DDAA53F77ADBB124F31E26D6 /* text.js */; };
		DDAA55509B103F05A9CE94E3 /* CNCMachine.js in Sources */ = {isa = PBXBuildFile; fileRef = DDAA5E3A977BABE01A9F3E78 /* CNCMachine.js */; };
		DDAA55540BD64EEFE07C6C79 /* build-cam.js in Sources */ = {isa = PBXBuildFile; fileRef = DDAA5F7F528A51ECF8A211B8 /* build-cam.js */; };
		DDAA56105E019F8318F45B2F /* geometry.js in Sources */ = {isa = PBXBuildFile; fileRef = DDAA5AAFC3B9C67160FA662D /* geometry.js */; };
		DDAA5627DFA975E3CFD1372C /* models.js in Sources */ = {isa = PBXBuildFile; fileRef = DDAA54B87A480F458CED26C3 /* models.js */; };
		DDAA562BD5757A9BECFECBE2 /* hilbert.js in Sources */ = {isa = PBXBuildFile; fileRef = DDAA5F8FF34A16D06AB0A58E /* hilbert.js */; };
		DDAA563B30809A928E04C41B /* toolProfile.js in Sources */ = {isa = PBXBuildFile; fileRef = DDAA5EFD373F700DB1829F53 /* toolProfile.js */; };
		DDAA5647D1988D2672299EA5 /* js_sandbox.js in Sources */ = {isa = PBXBuildFile; fileRef = DDAA5FD621B8DA11F0ECD11B /* js_sandbox.js */; };
		DDAA5654909C5FCF3844108D /* parser.js in Sources */ = {isa = PBXBuildFile; fileRef = DDAA524C2453225E6A0DEB24 /* parser.js */; };
		DDAA5658A1A457313870378C /* dremel_bracket.js in Sources */ = {isa = PBXBuildFile; fileRef = DDAA5F9F727CB3FC94D086B9 /* dremel_bracket.js */; };
		DDAA566CEFB8F071A326DA0A /* cubeManipulator.js in Sources */ = {isa = PBXBuildFile; fileRef = DDAA5235379E9AD793E3FF71 /* cubeManipulator.js */; };
		DDAA567630AE1A676F5E3913 /* main.c in Sources */ = {isa = PBXBuildFile; fileRef = DDAA54F3B578CC3FCC5E03A2 /* main.c */; };
		DDAA567F81C6F3DC888C2653 /* bezier.js in Sources */ = {isa = PBXBuildFile; fileRef = DDAA5B9DC9B92B70673AA0BE /* bezier.js */; };
		DDAA5697D8F7684366F24018 /* util.js in Sources */ = {isa = PBXBuildFile; fileRef = DDAA523D7A9109D74C7BA499 /* util.js */; };
		DDAA569FBDD72F64A3F26A03 /* parser.js in Sources */ = {isa = PBXBuildFile; fileRef = DDAA565B87C730ABFFB31DCA /* parser.js */; };
		DDAA56CD13934EDB4AD46B3D /* CAM.js in Sources */ = {isa = PBXBuildFile; fileRef = DDAA5B712AE405ADF7EF281A /* CAM.js */; };
		DDAA572BA7617C54EEA6AA7D /* usbdesc.c in Sources */ = {isa = PBXBuildFile; fileRef = DDAA53AA7C3A8E851F307E47 /* usbdesc.c */; };
		DDAA572DAF73F1DDEE6E8B16 /* operations.js in Sources */ = {isa = PBXBuildFile; fileRef = DDAA5C7C2C93424ED58CED62 /* operations.js */; };
		DDAA5748456A3971A5DA31C8 /* controllerEmber.js in Sources */ = {isa = PBXBuildFile; fileRef = DDAA57993DC17F9A33414D80 /* controllerEmber.js */; };
		DDAA577C5CD9C4CF90DA1665 /* main.c in Sources */ = {isa = PBXBuildFile; fileRef = DDAA56A96A84A867D1FB119B /* main.c */; };
		DDAA57C1DB0A19207E999D47 /* dremel_bracket.js in Sources */ = {isa = PBXBuildFile; fileRef = DDAA5C540B906C544541D05B /* dremel_bracket.js */; };
		DDAA57D2E5598CB83A286091 /* flatten.js in Sources */ = {isa = PBXBuildFile; fileRef = DDAA5CA206006D8E2D7FCDB5 /* flatten.js */; };
		DDAA57F319E245AB1BBEDAF8 /* runner.js in Sources */ = {isa = PBXBuildFile; fileRef = DDAA513A9EE7AC2438C9E111 /* runner.js */; };
		DDAA580B449779665EC9B1BB /* elliptic.js in Sources */ = {isa = PBXBuildFile; fileRef = DDAA5367902362964A0915C2 /* elliptic.js */; };
		DDAA58BE9DBD78082FD48E01 /* yenc.js in Sources */ = {isa = PBXBuildFile; fileRef = DDAA5AC14AAD3A2C784B1419 /* yenc.js */; };
		DDAA58D07301B2E75AC0C420 /* firebase-debug.js in Sources */ = {isa = PBXBuildFile; fileRef = DDAA5785A33DF48AE7C33AE2 /* firebase-debug.js */; };
		DDAA592CE143F93F5D214920 /* delaunay.js in Sources */ = {isa = PBXBuildFile; fileRef = DDAA59240776C46200C93D09 /* delaunay.js */; };
		DDAA59B0F8FA43BFF1934F05 /* minkowskiPass.js in Sources */ = {isa = PBXBuildFile; fileRef = DDAA56084DF1239F53C2D3A8 /* minkowskiPass.js */; };
		DDAA59DDAACDD4A61B30F37E /* wabble.js in Sources */ = {isa = PBXBuildFile; fileRef = DDAA55F97E8D9015119CC503 /* wabble.js */; };
		DDAA59E5BD604F20F4F3EA38 /* contour.js in Sources */ = {isa = PBXBuildFile; fileRef = DDAA5DA7202D3250BD94C922 /* contour.js */; };
		DDAA59F0952A1BB4918E903B /* STLLoader.js in Sources */ = {isa = PBXBuildFile; fileRef = DDAA5428E240AD53D84E839F /* STLLoader.js */; };
		DDAA59F8C14ADBE647A5FE41 /* cnc.h in CopyFiles */ = {isa = PBXBuildFile; fileRef = DDAA5C39B59BE70527721DE7 /* cnc.h */; };
		DDAA5A151ABE5BF21E85D111 /* modelProjector.js in Sources */ = {isa = PBXBuildFile; fileRef = DDAA5699D633BDE7062A0B3B /* modelProjector.js */; };
		DDAA5A17DAC86C6985919C73 /* cam.js in Sources */ = {isa = PBXBuildFile; fileRef = DDAA558DB0228EB233245972 /* cam.js */; };
		DDAA5A767582AAED8D06A869 /* delaunay.js in Sources */ = {isa = PBXBuildFile; fileRef = DDAA561E868824DA17BCB9AA /* delaunay.js */; };
		DDAA5A80B590F73D124F1CDA /* elliptic.js in Sources */ = {isa = PBXBuildFile; fileRef = DDAA560A454AFC2E09FD860F /* elliptic.js */; };
		DDAA5A8CE27B6D4D2A53A300 /* util.js in Sources */ = {isa = PBXBuildFile; fileRef = DDAA5DBED23BB93B2FA59786 /* util.js */; };
		DDAA5AC03D5FEAC07C257F39 /* toolpath.js in Sources */ = {isa = PBXBuildFile; fileRef = DDAA5F329B72AC25F4AAA0F4 /* toolpath.js */; };
		DDAA5ACF27FBFF82B945B8C5 /* simulation.js in Sources */ = {isa = PBXBuildFile; fileRef = DDAA518A65DC4269AC7A31E2 /* simulation.js */; };
		DDAA5B116FD23E8192E7F356 /* geometry.js in Sources */ = {isa = PBXBuildFile; fileRef = DDAA5DADF1563A99CFD20E6D /* geometry.js */; };
		DDAA5B174B890AC6DBB4E5BE /* gcodeEditor.js in Sources */ = {isa = PBXBuildFile; fileRef = DDAA572B976576EFEEC3D1E4 /* gcodeEditor.js */; };
		DDAA5B3DDB8D91D8EB395100 /* connection.js in Sources */ = {isa = PBXBuildFile; fileRef = DDAA526E8216C0F4B90FC84F /* connection.js */; };
		DDAA5B6641CFBF0C81D7B5CF /* usb.c in Sources */ = {isa = PBXBuildFile; fileRef = DDAA5223044005BFC70BD5DE /* usb.c */; };
		DDAA5B6E340CC8F09A389585 /* box2.js in Sources */ = {isa = PBXBuildFile; fileRef = DDAA5FFAC7F227AF3A40874C /* box2.js */; };
		DDAA5BA04189E6342FD05B3B /* parser.js in Sources */ = {isa = PBXBuildFile; fileRef = DDAA5FFBD0843DCB15BE40A2 /* parser.js */; };
		DDAA5BF078C361A627079BCA /* pocket.js in Sources */ = {isa = PBXBuildFile; fileRef = DDAA595DBB4D5BAE939717CF /* pocket.js */; };
		DDAA5BF9DA78E56D2C8A9A8D /* 3Dcomputer.js in Sources */ = {isa = PBXBuildFile; fileRef = DDAA5B9127FD1D1D71501224 /* 3Dcomputer.js */; };
		DDAA5BFCEDA2F8FF642ABECB /* runner.js in Sources */ = {isa = PBXBuildFile; fileRef = DDAA58E6C11B529BB5B59083 /* runner.js */; };
		DDAA5BFD83B2A6D8F014E2AF /* operation.js in Sources */ = {isa = PBXBuildFile; fileRef = DDAA511818C5D1141E7619BB /* operation.js */; };
		DDAA5C08E864DE4AE70AD325 /* threeDView.js in Sources */ = {isa = PBXBuildFile; fileRef = DDAA5C0935B9A14147485CB2 /* threeDView.js */; };
		DDAA5C2080793E5D20E60388 /* threeDView.js in Sources */ = {isa = PBXBuildFile; fileRef = DDAA53A88FF1511A72FDAAE0 /* threeDView.js */; };
		DDAA5CA52329A23DE4500854 /* usbdesc.c in Sources */ = {isa = PBXBuildFile; fileRef = DDAA56B90C5F7FBE9FC0A534 /* usbdesc.c */; };
		DDAA5CB4375378EBA86C5C36 /* cam.js in Sources */ = {isa = PBXBuildFile; fileRef = DDAA5646268DBD0C1FEF3018 /* cam.js */; };
		DDAA5CD9970A58D18AB5F581 /* tests.js in Sources */ = {isa = PBXBuildFile; fileRef = DDAA5869D1F854193900175F /* tests.js */; };
		DDAA5CDD5DCBC168FB293986 /* jquery.flot.resize.js in Sources */ = {isa = PBXBuildFile; fileRef = DDAA5518BC9939B7C36FE0B9 /* jquery.flot.resize.js */; };
		DDAA5CE0C0CD524CDC51CC86 /* gerberImporter.js in Sources */ = {isa = PBXBuildFile; fileRef = DDAA588F9FE71EEF0F8A0791 /* gerberImporter.js */; };
		DDAA5D0B161CD906FAD9253F /* config.js in Sources */ = {isa = PBXBuildFile; fileRef = DDAA53B8DAE05E27A375FE9B /* config.js */; };
		DDAA5D2F75F04489F197A80C /* contour.js in Sources */ = {isa = PBXBuildFile; fileRef = DDAA5141D73409AE9F8FF6D9 /* contour.js */; };
		DDAA5D38B3BF7B2FC43F4851 /* fontExample.js in Sources */ = {isa = PBXBuildFile; fileRef = DDAA5950A619B90125653E97 /* fontExample.js */; };
		DDAA5D3E4B6B0860793CF993 /* modelProjector.js in Sources */ = {isa = PBXBuildFile; fileRef = DDAA5453F941FAED7073FAF6 /* modelProjector.js */; };
		DDAA5D43FB7EF67FAE49C5C4 /* build-app.js in Sources */ = {isa = PBXBuildFile; fileRef = DDAA5EE2867F451CC9A90B32 /* build-app.js */; };
		DDAA5D53FDA3835E9E30C7FA /* excellonImporter.js in Sources */ = {isa = PBXBuildFile; fileRef = DDAA5F43806C94E0CB22BFF4 /* excellonImporter.js */; };
		DDAA5D5E700F9A145BC68B4F /* svgImporter.js in Sources */ = {isa = PBXBuildFile; fileRef = DDAA58A20FC66E2EF26DDE50 /* svgImporter.js */; };
		DDAA5D6C847AA2C7E9608326 /* threeDView.js in Sources */ = {isa = PBXBuildFile; fileRef = DDAA52CAC3926B8B4F4B829A /* threeDView.js */; };
		DDAA5D6E4E2AFD02DD05691A /* box2.js in Sources */ = {isa = PBXBuildFile; fileRef = DDAA52B1A4915275E73497A2 /* box2.js */; };
		DDAA5D6EE86074E5A8E3E0AF /* svg.marker.js in Sources */ = {isa = PBXBuildFile; fileRef = DDAA5957E406CDDA9E6840E6 /* svg.marker.js */; };
		DDAA5D8522CC01C3FDEDF044 /* views.js in Sources */ = {isa = PBXBuildFile; fileRef = DDAA5D362B64EEE93DE54810 /* views.js */; };
		DDAA5D90EE9DE4EC61C33CDF /* gcodeSimulation.js in Sources */ = {isa = PBXBuildFile; fileRef = DDAA564612DF5D10C28D01FB /* gcodeSimulation.js */; };
		DDAA5DA0D277F5FFA1371DC2 /* CNCMachine.js in Sources */ = {isa = PBXBuildFile; fileRef = DDAA56A071D2C1C48771DF86 /* CNCMachine.js */; };
		DDAA5DBA9CD987F8FBD3D0DD /* box.js in Sources */ = {isa = PBXBuildFile; fileRef = DDAA5B8B36FAD3C7D762DA11 /* box.js */; };
		DDAA5DCBA91442683AAE42AE /* manual.c in Sources */ = {isa = PBXBuildFile; fileRef = DDAA564BD4990327507E01D0 /* manual.c */; };
		DDAA5DDD9B52552DF2402A67 /* morphology.js in Sources */ = {isa = PBXBuildFile; fileRef = DDAA531F684874FDE40B5CDE /* morphology.js */; };
		DDAA5DE55277ED7870D14EDE /* bezier.js in Sources */ = {isa = PBXBuildFile; fileRef = DDAA54C02B65138BA2BC4D67 /* bezier.js */; };
		DDAA5DFEF913DE182DD53320 /* toolProfile.js in Sources */ = {isa = PBXBuildFile; fileRef = DDAA5029D05055DF40E03C55 /* toolProfile.js */; };
		DDAA5E22BC07E6E31ADB9B99 /* worker.js in Sources */ = {isa = PBXBuildFile; fileRef = DDAA55BC4AF31055E9F8A697 /* worker.js */; };
		DDAA5E743FA52561B2B0FF84 /* manual.c in Sources */ = {isa = PBXBuildFile; fileRef = DDAA53D0D9AE21EE52463EAE /* manual.c */; };
		DDAA5E90BDFC07678EE201D3 /* delaunay.js in Sources */ = {isa = PBXBuildFile; fileRef = DDAA5C7DCC7731222576D7BA /* delaunay.js */; };
		DDAA5EA8781DF5F9C0E660F7 /* pocketView.js in Sources */ = {isa = PBXBuildFile; fileRef = DDAA50DB79A1ADCAFA5BA02C /* pocketView.js */; };
		DDAA5EBCB176CFEDF9E2B1F8 /* pocket.js in Sources */ = {isa = PBXBuildFile; fileRef = DDAA57A1B65CDC501D4100D6 /* pocket.js */; };
		DDAA5EE058BB441CC4362AC1 /* runner.js in Sources */ = {isa = PBXBuildFile; fileRef = DDAA543BCEF47183F5DDA70F /* runner.js */; };
		DDAA5F486F34FA71AFAF3B94 /* firebase.js in Sources */ = {isa = PBXBuildFile; fileRef = DDAA51A93DCA76CF68CA69AA /* firebase.js */; };
		DDAA5F829DA328E442EA745B /* job.js in Sources */ = {isa = PBXBuildFile; fileRef = DDAA57A5978ED5B2812A75EF /* job.js */; };
		DDAA5F939B8D9099BE918948 /* simulation.js in Sources */ = {isa = PBXBuildFile; fileRef = DDAA564C2FBE78706409C739 /* simulation.js */; };
		DDAA5FA9BD2B2F4586ADBFFC /* controller.js in Sources */ = {isa = PBXBuildFile; fileRef = DDAA59EA70480E724659BF78 /* controller.js */; };
		DDAA5FC42305B4290E9C0612 /* simulation.js in Sources */ = {isa = PBXBuildFile; fileRef = DDAA54613393642E5474B2DC /* simulation.js */; };
		DDAA5FDA1C24C12701412BF3 /* contourExtractor.js in Sources */ = {isa = PBXBuildFile; fileRef = DDAA55C1BC3E322FEB4DDDDE /* contourExtractor.js */; };
/* End PBXBuildFile section */

/* Begin PBXCopyFilesBuildPhase section */
		EE861326172A02F7008B2029 /* CopyFiles */ = {
			isa = PBXCopyFilesBuildPhase;
			buildActionMask = 2147483647;
			dstPath = /usr/share/man/man1/;
			dstSubfolderSpec = 0;
			files = (
				DDAA59F8C14ADBE647A5FE41 /* cnc.h in CopyFiles */,
			);
			runOnlyForDeploymentPostprocessing = 1;
		};
/* End PBXCopyFilesBuildPhase section */

/* Begin PBXFileReference section */
		DDAA50185FA71D6DF743BEDF /* palette.png */ = {isa = PBXFileReference; lastKnownFileType = image.png; path = palette.png; sourceTree = "<group>"; };
		DDAA5025C78B5E2021BC5F1C /* text.js */ = {isa = PBXFileReference; fileEncoding = 4; lastKnownFileType = sourcecode.javascript; name = text.js; path = cam/text.js; sourceTree = "<group>"; };
		DDAA5029D05055DF40E03C55 /* toolProfile.js */ = {isa = PBXFileReference; fileEncoding = 4; lastKnownFileType = sourcecode.javascript; path = toolProfile.js; sourceTree = "<group>"; };
		DDAA5048B1B1F3BE543B936C /* Makefile */ = {isa = PBXFileReference; fileEncoding = 4; lastKnownFileType = sourcecode.make; path = Makefile; sourceTree = "<group>"; };
		DDAA50DB79A1ADCAFA5BA02C /* pocketView.js */ = {isa = PBXFileReference; fileEncoding = 4; lastKnownFileType = sourcecode.javascript; path = pocketView.js; sourceTree = "<group>"; };
		DDAA50E05857779781B5F4A2 /* test_3D_conservative_rendering.html */ = {isa = PBXFileReference; fileEncoding = 4; lastKnownFileType = text.html; path = test_3D_conservative_rendering.html; sourceTree = "<group>"; };
		DDAA511818C5D1141E7619BB /* operation.js */ = {isa = PBXFileReference; fileEncoding = 4; lastKnownFileType = sourcecode.javascript; path = operation.js; sourceTree = "<group>"; };
		DDAA511CE8BD477E113E0D3E /* aztec_calendar.ngc */ = {isa = PBXFileReference; lastKnownFileType = file.ngc; path = aztec_calendar.ngc; sourceTree = "<group>"; };
		DDAA512A6F80D13802A577A8 /* simpleEngraving.hbs */ = {isa = PBXFileReference; lastKnownFileType = file.hbs; path = simpleEngraving.hbs; sourceTree = "<group>"; };
		DDAA513A9EE7AC2438C9E111 /* runner.js */ = {isa = PBXFileReference; fileEncoding = 4; lastKnownFileType = sourcecode.javascript; name = runner.js; path = controller/runner.js; sourceTree = "<group>"; };
		DDAA5141D73409AE9F8FF6D9 /* contour.js */ = {isa = PBXFileReference; fileEncoding = 4; lastKnownFileType = sourcecode.javascript; path = contour.js; sourceTree = "<group>"; };
		DDAA516825B68A6E2F8C8BF2 /* rampingContour.hbs */ = {isa = PBXFileReference; lastKnownFileType = file.handlebars; path = rampingContour.hbs; sourceTree = "<group>"; };
		DDAA5176D23D94DAB08162AD /* shaders */ = {isa = PBXFileReference; fileEncoding = 4; lastKnownFileType = folder; path = shaders; sourceTree = "<group>"; };
		DDAA518A65DC4269AC7A31E2 /* simulation.js */ = {isa = PBXFileReference; fileEncoding = 4; lastKnownFileType = sourcecode.javascript; path = simulation.js; sourceTree = "<group>"; };
		DDAA51A93DCA76CF68CA69AA /* firebase.js */ = {isa = PBXFileReference; fileEncoding = 4; lastKnownFileType = sourcecode.javascript; name = firebase.js; path = libs/firebase.js; sourceTree = "<group>"; };
		DDAA51DE17B96DCF612B22D5 /* contour.js */ = {isa = PBXFileReference; fileEncoding = 4; lastKnownFileType = sourcecode.javascript; name = contour.js; path = webapp/cnc/contour.js; sourceTree = "<group>"; };
		DDAA51F34BDB532649B2A0E7 /* camApp.hbs */ = {isa = PBXFileReference; lastKnownFileType = file.handlebars; path = camApp.hbs; sourceTree = "<group>"; };
		DDAA5223044005BFC70BD5DE /* usb.c */ = {isa = PBXFileReference; fileEncoding = 4; lastKnownFileType = sourcecode.c.c; name = usb.c; path = interpolator/usb.c; sourceTree = "<group>"; };
		DDAA5235379E9AD793E3FF71 /* cubeManipulator.js */ = {isa = PBXFileReference; fileEncoding = 4; lastKnownFileType = sourcecode.javascript; path = cubeManipulator.js; sourceTree = "<group>"; };
		DDAA523D7A9109D74C7BA499 /* util.js */ = {isa = PBXFileReference; fileEncoding = 4; lastKnownFileType = sourcecode.javascript; path = util.js; sourceTree = "<group>"; };
		DDAA524C2453225E6A0DEB24 /* parser.js */ = {isa = PBXFileReference; fileEncoding = 4; lastKnownFileType = sourcecode.javascript; name = parser.js; path = gcode/parser.js; sourceTree = "<group>"; };
		DDAA526E8216C0F4B90FC84F /* connection.js */ = {isa = PBXFileReference; fileEncoding = 4; lastKnownFileType = sourcecode.javascript; name = connection.js; path = controller/connection.js; sourceTree = "<group>"; };
		DDAA529BF8EEBE4231120887 /* test_3D_flat.html */ = {isa = PBXFileReference; fileEncoding = 4; lastKnownFileType = text.html; path = test_3D_flat.html; sourceTree = "<group>"; };
		DDAA529E27A076D6E269389A /* connection.js */ = {isa = PBXFileReference; fileEncoding = 4; lastKnownFileType = sourcecode.javascript; path = connection.js; sourceTree = "<group>"; };
		DDAA52AFFAE054B9E7D1FA72 /* cnc.h */ = {isa = PBXFileReference; fileEncoding = 4; lastKnownFileType = sourcecode.c.h; path = cnc.h; sourceTree = "<group>"; };
		DDAA52B1A4915275E73497A2 /* box2.js */ = {isa = PBXFileReference; fileEncoding = 4; lastKnownFileType = sourcecode.javascript; path = box2.js; sourceTree = "<group>"; };
		DDAA52CAC3926B8B4F4B829A /* threeDView.js */ = {isa = PBXFileReference; fileEncoding = 4; lastKnownFileType = sourcecode.javascript; name = threeDView.js; path = ui/threeDView.js; sourceTree = "<group>"; };
		DDAA52E5A7394BAD5D0799D3 /* build-sandbox.js */ = {isa = PBXFileReference; fileEncoding = 4; lastKnownFileType = sourcecode.javascript; path = "build-sandbox.js"; sourceTree = "<group>"; };
		DDAA52F3574050B6296E6814 /* test_pycam.ngc */ = {isa = PBXFileReference; lastKnownFileType = file.ngc; path = test_pycam.ngc; sourceTree = "<group>"; };
		DDAA531F684874FDE40B5CDE /* morphology.js */ = {isa = PBXFileReference; fileEncoding = 4; lastKnownFileType = sourcecode.javascript; path = morphology.js; sourceTree = "<group>"; };
		DDAA533BF8B7D627643AC0C2 /* README */ = {isa = PBXFileReference; fileEncoding = 4; lastKnownFileType = text; path = README; sourceTree = "<group>"; };
		DDAA533DF299518744B4F61A /* icon_fraise.svg */ = {isa = PBXFileReference; lastKnownFileType = file.svg; path = icon_fraise.svg; sourceTree = "<group>"; };
		DDAA5367902362964A0915C2 /* elliptic.js */ = {isa = PBXFileReference; fileEncoding = 4; lastKnownFileType = sourcecode.javascript; path = elliptic.js; sourceTree = "<group>"; };
		DDAA538867A4B3260D484DA4 /* test.html */ = {isa = PBXFileReference; fileEncoding = 4; lastKnownFileType = text.html; path = test.html; sourceTree = "<group>"; };
		DDAA539FD93D356B58CD2E5F /* shape.hbs */ = {isa = PBXFileReference; lastKnownFileType = file.hbs; path = shape.hbs; sourceTree = "<group>"; };
		DDAA53A88FF1511A72FDAAE0 /* threeDView.js */ = {isa = PBXFileReference; fileEncoding = 4; lastKnownFileType = sourcecode.javascript; name = threeDView.js; path = webapp/cnc/ui/threeDView.js; sourceTree = "<group>"; };
		DDAA53AA7C3A8E851F307E47 /* usbdesc.c */ = {isa = PBXFileReference; fileEncoding = 4; lastKnownFileType = sourcecode.c.c; path = usbdesc.c; sourceTree = "<group>"; };
		DDAA53B8DAE05E27A375FE9B /* config.js */ = {isa = PBXFileReference; fileEncoding = 4; lastKnownFileType = sourcecode.javascript; path = config.js; sourceTree = "<group>"; };
		DDAA53C9FA100E05C62C575E /* views.js */ = {isa = PBXFileReference; lastKnownFileType = file.j; name = views.js; path = ui/views.js; sourceTree = "<group>"; };
		DDAA53CBCFE5DFFC2B401675 /* simple.frag */ = {isa = PBXFileReference; fileEncoding = 4; lastKnownFileType = sourcecode.glsl; name = simple.frag; path = shaders/simple.frag; sourceTree = "<group>"; };
		DDAA53D0D9AE21EE52463EAE /* manual.c */ = {isa = PBXFileReference; fileEncoding = 4; lastKnownFileType = sourcecode.c.c; name = manual.c; path = interpolator/manual.c; sourceTree = "<group>"; };
		DDAA53F77ADBB124F31E26D6 /* text.js */ = {isa = PBXFileReference; fileEncoding = 4; lastKnownFileType = sourcecode.javascript; path = text.js; sourceTree = "<group>"; };
		DDAA5407DEE90E0E2A589DCE /* wabble.js */ = {isa = PBXFileReference; fileEncoding = 4; lastKnownFileType = sourcecode.javascript; path = wabble.js; sourceTree = "<group>"; };
		DDAA5428E240AD53D84E839F /* STLLoader.js */ = {isa = PBXFileReference; fileEncoding = 4; lastKnownFileType = sourcecode.javascript; name = STLLoader.js; path = libs/threejs/STLLoader.js; sourceTree = "<group>"; };
		DDAA543BCEF47183F5DDA70F /* runner.js */ = {isa = PBXFileReference; fileEncoding = 4; lastKnownFileType = sourcecode.javascript; name = runner.js; path = cnc/controller/runner.js; sourceTree = "<group>"; };
		DDAA5453F941FAED7073FAF6 /* modelProjector.js */ = {isa = PBXFileReference; fileEncoding = 4; lastKnownFileType = sourcecode.javascript; name = modelProjector.js; path = 3D/modelProjector.js; sourceTree = "<group>"; };
		DDAA546068AA808773A44475 /* pako.min.js */ = {isa = PBXFileReference; fileEncoding = 4; lastKnownFileType = sourcecode.javascript; name = pako.min.js; path = libs/pako.min.js; sourceTree = "<group>"; };
		DDAA54613393642E5474B2DC /* simulation.js */ = {isa = PBXFileReference; fileEncoding = 4; lastKnownFileType = sourcecode.javascript; name = simulation.js; path = gcode/simulation.js; sourceTree = "<group>"; };
		DDAA5479264CEDD3A05DBA83 /* contour.html */ = {isa = PBXFileReference; lastKnownFileType = file.htl; path = contour.html; sourceTree = "<group>"; };
		DDAA54B37F49D0A2AC135D5A /* util.js */ = {isa = PBXFileReference; fileEncoding = 4; lastKnownFileType = sourcecode.javascript; name = util.js; path = webapp/cnc/util.js; sourceTree = "<group>"; };
		DDAA54B87A480F458CED26C3 /* models.js */ = {isa = PBXFileReference; fileEncoding = 4; lastKnownFileType = sourcecode.javascript; path = models.js; sourceTree = "<group>"; };
		DDAA54C02B65138BA2BC4D67 /* bezier.js */ = {isa = PBXFileReference; fileEncoding = 4; lastKnownFileType = sourcecode.javascript; name = bezier.js; path = webapp/cnc/bezier.js; sourceTree = "<group>"; };
		DDAA54C1BA8462A256686F0D /* test_voronoi.html */ = {isa = PBXFileReference; fileEncoding = 4; lastKnownFileType = text.html; path = test_voronoi.html; sourceTree = "<group>"; };
		DDAA54D6E2B749291B054589 /* index.html */ = {isa = PBXFileReference; fileEncoding = 4; lastKnownFileType = text.html; path = index.html; sourceTree = "<group>"; };
		DDAA54F3B578CC3FCC5E03A2 /* main.c */ = {isa = PBXFileReference; fileEncoding = 4; lastKnownFileType = sourcecode.c.c; name = main.c; path = interpolator/main.c; sourceTree = "<group>"; };
		DDAA5518BC9939B7C36FE0B9 /* jquery.flot.resize.js */ = {isa = PBXFileReference; fileEncoding = 4; lastKnownFileType = sourcecode.javascript; name = jquery.flot.resize.js; path = assets/jquery.flot.resize.js; sourceTree = "<group>"; };
		DDAA5526562DE2F5D309F976 /* webgcode.ngc */ = {isa = PBXFileReference; lastKnownFileType = file.ngc; path = webgcode.ngc; sourceTree = "<group>"; };
		DDAA555C548B8E40C2B7D38F /* CAM.html */ = {isa = PBXFileReference; fileEncoding = 4; lastKnownFileType = text.html; path = CAM.html; sourceTree = "<group>"; };
		DDAA557E11AAA24C9679FF7B /* README.md */ = {isa = PBXFileReference; lastKnownFileType = file.md; path = README.md; sourceTree = "<group>"; };
		DDAA5583FA74E90180E93A59 /* jobView.hbs */ = {isa = PBXFileReference; lastKnownFileType = file.handlebars; path = jobView.hbs; sourceTree = "<group>"; };
		DDAA558DB0228EB233245972 /* cam.js */ = {isa = PBXFileReference; fileEncoding = 4; lastKnownFileType = sourcecode.javascript; name = cam.js; path = cam/cam.js; sourceTree = "<group>"; };
		DDAA55AE23998F53B255B243 /* visucamTest.html */ = {isa = PBXFileReference; fileEncoding = 4; lastKnownFileType = text.html; path = visucamTest.html; sourceTree = "<group>"; };
		DDAA55B330007C9773B22298 /* palette.png */ = {isa = PBXFileReference; lastKnownFileType = image.png; path = palette.png; sourceTree = "<group>"; };
		DDAA55BC4AF31055E9F8A697 /* worker.js */ = {isa = PBXFileReference; fileEncoding = 4; lastKnownFileType = sourcecode.javascript; name = worker.js; path = webapp/worker.js; sourceTree = "<group>"; };
		DDAA55C1BC3E322FEB4DDDDE /* contourExtractor.js */ = {isa = PBXFileReference; fileEncoding = 4; lastKnownFileType = sourcecode.javascript; path = contourExtractor.js; sourceTree = "<group>"; };
		DDAA55C35AFE6514E4CC086D /* make_zip.sh */ = {isa = PBXFileReference; fileEncoding = 4; lastKnownFileType = text.script.sh; path = make_zip.sh; sourceTree = "<group>"; };
		DDAA55F3A85B6FDBC03F92FA /* max_value.frag */ = {isa = PBXFileReference; fileEncoding = 4; lastKnownFileType = sourcecode.glsl; name = max_value.frag; path = shaders/max_value.frag; sourceTree = "<group>"; };
		DDAA55F97E8D9015119CC503 /* wabble.js */ = {isa = PBXFileReference; fileEncoding = 4; lastKnownFileType = sourcecode.javascript; name = wabble.js; path = cad/wabble.js; sourceTree = "<group>"; };
		DDAA56084DF1239F53C2D3A8 /* minkowskiPass.js */ = {isa = PBXFileReference; fileEncoding = 4; lastKnownFileType = sourcecode.javascript; path = minkowskiPass.js; sourceTree = "<group>"; };
		DDAA560A454AFC2E09FD860F /* elliptic.js */ = {isa = PBXFileReference; fileEncoding = 4; lastKnownFileType = sourcecode.javascript; path = elliptic.js; sourceTree = "<group>"; };
		DDAA5612EBDD75ED97026C74 /* draftApp.hbs */ = {isa = PBXFileReference; lastKnownFileType = file.handlebars; path = draftApp.hbs; sourceTree = "<group>"; };
		DDAA561E868824DA17BCB9AA /* delaunay.js */ = {isa = PBXFileReference; fileEncoding = 4; lastKnownFileType = sourcecode.javascript; path = delaunay.js; sourceTree = "<group>"; };
		DDAA5622C29CE547B513B64F /* worker.js */ = {isa = PBXFileReference; fileEncoding = 4; lastKnownFileType = sourcecode.javascript; path = worker.js; sourceTree = "<group>"; };
		DDAA564612DF5D10C28D01FB /* gcodeSimulation.js */ = {isa = PBXFileReference; fileEncoding = 4; lastKnownFileType = sourcecode.javascript; path = gcodeSimulation.js; sourceTree = "<group>"; };
		DDAA5646268DBD0C1FEF3018 /* cam.js */ = {isa = PBXFileReference; fileEncoding = 4; lastKnownFileType = sourcecode.javascript; name = cam.js; path = cam/cam.js; sourceTree = "<group>"; };
		DDAA564BD4990327507E01D0 /* manual.c */ = {isa = PBXFileReference; fileEncoding = 4; lastKnownFileType = sourcecode.c.c; path = manual.c; sourceTree = "<group>"; };
		DDAA564C2FBE78706409C739 /* simulation.js */ = {isa = PBXFileReference; fileEncoding = 4; lastKnownFileType = sourcecode.javascript; name = simulation.js; path = gcode/simulation.js; sourceTree = "<group>"; };
		DDAA56579CF2C65E1BC0ADD2 /* images */ = {isa = PBXFileReference; fileEncoding = 4; lastKnownFileType = folder; path = images; sourceTree = "<group>"; };
		DDAA565B87C730ABFFB31DCA /* parser.js */ = {isa = PBXFileReference; fileEncoding = 4; lastKnownFileType = sourcecode.javascript; name = parser.js; path = gcode/parser.js; sourceTree = "<group>"; };
		DDAA568D3480E5D010BB2D93 /* index.html */ = {isa = PBXFileReference; fileEncoding = 4; lastKnownFileType = text.html; path = index.html; sourceTree = "<group>"; };
		DDAA5699D633BDE7062A0B3B /* modelProjector.js */ = {isa = PBXFileReference; fileEncoding = 4; lastKnownFileType = sourcecode.javascript; path = modelProjector.js; sourceTree = "<group>"; };
		DDAA56A071D2C1C48771DF86 /* CNCMachine.js */ = {isa = PBXFileReference; fileEncoding = 4; lastKnownFileType = sourcecode.javascript; name = CNCMachine.js; path = controller/CNCMachine.js; sourceTree = "<group>"; };
		DDAA56A96A84A867D1FB119B /* main.c */ = {isa = PBXFileReference; fileEncoding = 4; lastKnownFileType = sourcecode.c.c; path = main.c; sourceTree = "<group>"; };
		DDAA56B90C5F7FBE9FC0A534 /* usbdesc.c */ = {isa = PBXFileReference; fileEncoding = 4; lastKnownFileType = sourcecode.c.c; name = usbdesc.c; path = interpolator/usbdesc.c; sourceTree = "<group>"; };
		DDAA56FDF85987C80CFAD40D /* tux.ngc */ = {isa = PBXFileReference; lastKnownFileType = file.ngx; name = tux.ngc; path = webapp/samples/tux.ngc; sourceTree = "<group>"; };
		DDAA571C07D4352852D807BF /* controllerPanel.hbs */ = {isa = PBXFileReference; lastKnownFileType = file.handlebars; path = controllerPanel.hbs; sourceTree = "<group>"; };
		DDAA572B976576EFEEC3D1E4 /* gcodeEditor.js */ = {isa = PBXFileReference; fileEncoding = 4; lastKnownFileType = sourcecode.javascript; path = gcodeEditor.js; sourceTree = "<group>"; };
		DDAA572F77B201065CB57BFA /* icon_fraise.svg */ = {isa = PBXFileReference; lastKnownFileType = file.svg; path = icon_fraise.svg; sourceTree = "<group>"; };
		DDAA5785A33DF48AE7C33AE2 /* firebase-debug.js */ = {isa = PBXFileReference; fileEncoding = 4; lastKnownFileType = sourcecode.javascript; name = "firebase-debug.js"; path = "libs/firebase-debug.js"; sourceTree = "<group>"; };
		DDAA5786D58158F3ED2ADB5D /* icon_fraise_128.png */ = {isa = PBXFileReference; lastKnownFileType = image.png; path = icon_fraise_128.png; sourceTree = "<group>"; };
		DDAA578CF1A78A375FB0D041 /* twoDView.css */ = {isa = PBXFileReference; fileEncoding = 4; lastKnownFileType = text.css; path = twoDView.css; sourceTree = "<group>"; };
		DDAA57993DC17F9A33414D80 /* controllerEmber.js */ = {isa = PBXFileReference; fileEncoding = 4; lastKnownFileType = sourcecode.javascript; path = controllerEmber.js; sourceTree = "<group>"; };
		DDAA57A1B65CDC501D4100D6 /* pocket.js */ = {isa = PBXFileReference; fileEncoding = 4; lastKnownFileType = sourcecode.javascript; path = pocket.js; sourceTree = "<group>"; };
		DDAA57A5978ED5B2812A75EF /* job.js */ = {isa = PBXFileReference; fileEncoding = 4; lastKnownFileType = sourcecode.javascript; name = job.js; path = models/job.js; sourceTree = "<group>"; };
		DDAA57EC5BF49CA63E23EA57 /* draft.html */ = {isa = PBXFileReference; fileEncoding = 4; lastKnownFileType = text.html; path = draft.html; sourceTree = "<group>"; };
		DDAA5825769A005C1F8AFA15 /* job.hbs */ = {isa = PBXFileReference; lastKnownFileType = file.hbs; path = job.hbs; sourceTree = "<group>"; };
		DDAA58422CF9EADC8397599D /* background.js */ = {isa = PBXFileReference; fileEncoding = 4; lastKnownFileType = sourcecode.javascript; name = background.js; path = webapp/background.js; sourceTree = "<group>"; };
		DDAA584BFDA15E844B048D27 /* usb.c */ = {isa = PBXFileReference; fileEncoding = 4; lastKnownFileType = sourcecode.c.c; path = usb.c; sourceTree = "<group>"; };
		DDAA5869D1F854193900175F /* tests.js */ = {isa = PBXFileReference; fileEncoding = 4; lastKnownFileType = sourcecode.javascript; path = tests.js; sourceTree = "<group>"; };
		DDAA587EC27F95C78E5D93C2 /* bezier.js */ = {isa = PBXFileReference; fileEncoding = 4; lastKnownFileType = sourcecode.javascript; path = bezier.js; sourceTree = "<group>"; };
		DDAA588F9FE71EEF0F8A0791 /* gerberImporter.js */ = {isa = PBXFileReference; fileEncoding = 4; lastKnownFileType = sourcecode.javascript; path = gerberImporter.js; sourceTree = "<group>"; };
		DDAA58A20FC66E2EF26DDE50 /* svgImporter.js */ = {isa = PBXFileReference; fileEncoding = 4; lastKnownFileType = sourcecode.javascript; path = svgImporter.js; sourceTree = "<group>"; };
		DDAA58A5DFBAB23556EC309E /* operationPocket.hbs */ = {isa = PBXFileReference; lastKnownFileType = file.hbs; path = operationPocket.hbs; sourceTree = "<group>"; };
		DDAA58A68B3AD6541C366CEB /* SubdivisionModifier.js */ = {isa = PBXFileReference; fileEncoding = 4; lastKnownFileType = sourcecode.javascript; name = SubdivisionModifier.js; path = libs/threejs/SubdivisionModifier.js; sourceTree = "<group>"; };
		DDAA58BB5F7B2688475369C7 /* soap.stl */ = {isa = PBXFileReference; lastKnownFileType = file.stl; path = soap.stl; sourceTree = "<group>"; };
		DDAA58C1C0B782FE90795713 /* js_sandbox.html */ = {isa = PBXFileReference; fileEncoding = 4; lastKnownFileType = text.html; path = js_sandbox.html; sourceTree = "<group>"; };
		DDAA58E6C11B529BB5B59083 /* runner.js */ = {isa = PBXFileReference; fileEncoding = 4; lastKnownFileType = sourcecode.javascript; path = runner.js; sourceTree = "<group>"; };
		DDAA58FBD65B40549EC27922 /* elliptic.js */ = {isa = PBXFileReference; fileEncoding = 4; lastKnownFileType = sourcecode.javascript; name = elliptic.js; path = webapp/cnc/elliptic.js; sourceTree = "<group>"; };
		DDAA59240776C46200C93D09 /* delaunay.js */ = {isa = PBXFileReference; fileEncoding = 4; lastKnownFileType = sourcecode.javascript; path = delaunay.js; sourceTree = "<group>"; };
		DDAA59271DF6A4EFEC26F9A7 /* .gitignore */ = {isa = PBXFileReference; lastKnownFileType = file.gitignore; path = .gitignore; sourceTree = "<group>"; };
		DDAA593347EC813B12F6ABB6 /* background.js */ = {isa = PBXFileReference; fileEncoding = 4; lastKnownFileType = sourcecode.javascript; path = background.js; sourceTree = "<group>"; };
		DDAA594E8EF545C3CD0D0873 /* geometry.js */ = {isa = PBXFileReference; fileEncoding = 4; lastKnownFileType = sourcecode.javascript; name = geometry.js; path = gcode/geometry.js; sourceTree = "<group>"; };
		DDAA5950A619B90125653E97 /* fontExample.js */ = {isa = PBXFileReference; fileEncoding = 4; lastKnownFileType = sourcecode.javascript; path = fontExample.js; sourceTree = "<group>"; };
		DDAA5957E406CDDA9E6840E6 /* svg.marker.js */ = {isa = PBXFileReference; fileEncoding = 4; lastKnownFileType = sourcecode.javascript; path = svg.marker.js; sourceTree = "<group>"; };
		DDAA595DBB4D5BAE939717CF /* pocket.js */ = {isa = PBXFileReference; fileEncoding = 4; lastKnownFileType = sourcecode.javascript; name = pocket.js; path = cam/pocket.js; sourceTree = "<group>"; };
		DDAA59854CED3DBBCA224A7B /* simpleContour.hbs */ = {isa = PBXFileReference; lastKnownFileType = file.handlebars; path = simpleContour.hbs; sourceTree = "<group>"; };
		DDAA59BA108DAA54889DD24E /* spiIO.c */ = {isa = PBXFileReference; fileEncoding = 4; lastKnownFileType = sourcecode.c.c; path = spiIO.c; sourceTree = "<group>"; };
		DDAA59E3CD1BC8E48FD71658 /* textApp.hbs */ = {isa = PBXFileReference; lastKnownFileType = file.hbs; name = textApp.hbs; path = templates/textApp.hbs; sourceTree = "<group>"; };
		DDAA59E7DF6E04578E0F4F11 /* jsEditor.js */ = {isa = PBXFileReference; fileEncoding = 4; lastKnownFileType = sourcecode.javascript; path = jsEditor.js; sourceTree = "<group>"; };
		DDAA59EA70480E724659BF78 /* controller.js */ = {isa = PBXFileReference; fileEncoding = 4; lastKnownFileType = sourcecode.javascript; path = controller.js; sourceTree = "<group>"; };
		DDAA59FEF17A22C1216B27DD /* .nojekyll */ = {isa = PBXFileReference; lastKnownFileType = file.nojekyll; path = .nojekyll; sourceTree = "<group>"; };
		DDAA5A32F9D205231BDF381E /* task.js */ = {isa = PBXFileReference; fileEncoding = 4; lastKnownFileType = sourcecode.javascript; path = task.js; sourceTree = "<group>"; };
		DDAA5A4300864DA095799734 /* visucamApp.hbs */ = {isa = PBXFileReference; lastKnownFileType = file.handelbars; path = visucamApp.hbs; sourceTree = "<group>"; };
		DDAA5A55C036357C8CD5193C /* twoDView.js */ = {isa = PBXFileReference; fileEncoding = 4; lastKnownFileType = sourcecode.javascript; path = twoDView.js; sourceTree = "<group>"; };
		DDAA5A99ECD28BC66706A677 /* manifest.json */ = {isa = PBXFileReference; lastKnownFileType = file.json; name = manifest.json; path = webapp/manifest.json; sourceTree = "<group>"; };
		DDAA5AAFC3B9C67160FA662D /* geometry.js */ = {isa = PBXFileReference; fileEncoding = 4; lastKnownFileType = sourcecode.javascript; name = geometry.js; path = gcode/geometry.js; sourceTree = "<group>"; };
		DDAA5AC14AAD3A2C784B1419 /* yenc.js */ = {isa = PBXFileReference; fileEncoding = 4; lastKnownFileType = sourcecode.javascript; name = yenc.js; path = libs/yenc.js; sourceTree = "<group>"; };
		DDAA5B08E58D8D0CDBC74EAA /* cam.js */ = {isa = PBXFileReference; fileEncoding = 4; lastKnownFileType = sourcecode.javascript; path = cam.js; sourceTree = "<group>"; };
		DDAA5B32ABEAC29E2C09425A /* tux.ngc */ = {isa = PBXFileReference; lastKnownFileType = file.ngc; path = tux.ngc; sourceTree = "<group>"; };
		DDAA5B453A7758A947C1B962 /* loading.hbs */ = {isa = PBXFileReference; lastKnownFileType = file.hbs; path = loading.hbs; sourceTree = "<group>"; };
		DDAA5B712AE405ADF7EF281A /* CAM.js */ = {isa = PBXFileReference; fileEncoding = 4; lastKnownFileType = sourcecode.javascript; path = CAM.js; sourceTree = "<group>"; };
		DDAA5B8B36FAD3C7D762DA11 /* box.js */ = {isa = PBXFileReference; fileEncoding = 4; lastKnownFileType = sourcecode.javascript; path = box.js; sourceTree = "<group>"; };
		DDAA5B9127FD1D1D71501224 /* 3Dcomputer.js */ = {isa = PBXFileReference; fileEncoding = 4; lastKnownFileType = sourcecode.javascript; path = 3Dcomputer.js; sourceTree = "<group>"; };
		DDAA5B9DC9B92B70673AA0BE /* bezier.js */ = {isa = PBXFileReference; fileEncoding = 4; lastKnownFileType = sourcecode.javascript; path = bezier.js; sourceTree = "<group>"; };
		DDAA5BD4D3436F114AB6921D /* manifest.json */ = {isa = PBXFileReference; lastKnownFileType = file.json; path = manifest.json; sourceTree = "<group>"; };
		DDAA5BFCED9419518BAD691A /* medial_axis.frag */ = {isa = PBXFileReference; fileEncoding = 4; lastKnownFileType = sourcecode.glsl; name = medial_axis.frag; path = shaders/medial_axis.frag; sourceTree = "<group>"; };
		DDAA5C0499B85D85B809052F /* templates.js */ = {isa = PBXFileReference; fileEncoding = 4; lastKnownFileType = sourcecode.javascript; path = templates.js; sourceTree = "<group>"; };
		DDAA5C0935B9A14147485CB2 /* threeDView.js */ = {isa = PBXFileReference; fileEncoding = 4; lastKnownFileType = sourcecode.javascript; path = threeDView.js; sourceTree = "<group>"; };
		DDAA5C1795288A876C637870 /* TrackballControls.js */ = {isa = PBXFileReference; fileEncoding = 4; lastKnownFileType = sourcecode.javascript; name = TrackballControls.js; path = webapp/libs/threejs/TrackballControls.js; sourceTree = "<group>"; };
		DDAA5C39B59BE70527721DE7 /* cnc.h */ = {isa = PBXFileReference; fileEncoding = 4; lastKnownFileType = sourcecode.c.h; name = cnc.h; path = interpolator/cnc.h; sourceTree = "<group>"; };
		DDAA5C4590D198711729289B /* drilling.hbs */ = {isa = PBXFileReference; lastKnownFileType = file.hbs; path = drilling.hbs; sourceTree = "<group>"; };
		DDAA5C540B906C544541D05B /* dremel_bracket.js */ = {isa = PBXFileReference; fileEncoding = 4; lastKnownFileType = sourcecode.javascript; name = dremel_bracket.js; path = webapp/samples/dremel_bracket.js; sourceTree = "<group>"; };
		DDAA5C7C2C93424ED58CED62 /* operations.js */ = {isa = PBXFileReference; fileEncoding = 4; lastKnownFileType = sourcecode.javascript; path = operations.js; sourceTree = "<group>"; };
		DDAA5C7DCC7731222576D7BA /* delaunay.js */ = {isa = PBXFileReference; fileEncoding = 4; lastKnownFileType = sourcecode.javascript; name = delaunay.js; path = webapp/cnc/delaunay.js; sourceTree = "<group>"; };
		DDAA5C8A7830C1829BD88573 /* graphicView.js */ = {isa = PBXFileReference; fileEncoding = 4; lastKnownFileType = sourcecode.javascript; path = graphicView.js; sourceTree = "<group>"; };
		DDAA5C9FEE3CFFBDD4F6E9D2 /* visucam.js */ = {isa = PBXFileReference; fileEncoding = 4; lastKnownFileType = sourcecode.javascript; path = visucam.js; sourceTree = "<group>"; };
		DDAA5CA206006D8E2D7FCDB5 /* flatten.js */ = {isa = PBXFileReference; fileEncoding = 4; lastKnownFileType = sourcecode.javascript; name = flatten.js; path = libs/flatten.js; sourceTree = "<group>"; };
		DDAA5CE2FE1C0B27B819EAC7 /* spinner.svg */ = {isa = PBXFileReference; lastKnownFileType = file.svg; path = spinner.svg; sourceTree = "<group>"; };
		DDAA5D0CF378287552FFC123 /* textApp.hbs */ = {isa = PBXFileReference; lastKnownFileType = file.hbs; path = textApp.hbs; sourceTree = "<group>"; };
		DDAA5D362B64EEE93DE54810 /* views.js */ = {isa = PBXFileReference; fileEncoding = 4; lastKnownFileType = sourcecode.javascript; path = views.js; sourceTree = "<group>"; };
		DDAA5D77A5D9B547BFD9190D /* operation.hbs */ = {isa = PBXFileReference; lastKnownFileType = file.handebars; path = operation.hbs; sourceTree = "<group>"; };
		DDAA5DA5227AB2B1DD67F20A /* test_threejs.html */ = {isa = PBXFileReference; fileEncoding = 4; lastKnownFileType = text.html; path = test_threejs.html; sourceTree = "<group>"; };
		DDAA5DA7202D3250BD94C922 /* contour.js */ = {isa = PBXFileReference; fileEncoding = 4; lastKnownFileType = sourcecode.javascript; path = contour.js; sourceTree = "<group>"; };
		DDAA5DAA497AA174431D8606 /* index.html */ = {isa = PBXFileReference; fileEncoding = 4; lastKnownFileType = text.html; name = index.html; path = webapp/index.html; sourceTree = "<group>"; };
		DDAA5DADF1563A99CFD20E6D /* geometry.js */ = {isa = PBXFileReference; fileEncoding = 4; lastKnownFileType = sourcecode.javascript; path = geometry.js; sourceTree = "<group>"; };
		DDAA5DBED23BB93B2FA59786 /* util.js */ = {isa = PBXFileReference; fileEncoding = 4; lastKnownFileType = sourcecode.javascript; path = util.js; sourceTree = "<group>"; };
		DDAA5DFFCA6C2A31934FF748 /* job.js */ = {isa = PBXFileReference; fileEncoding = 4; lastKnownFileType = sourcecode.javascript; path = job.js; sourceTree = "<group>"; };
		DDAA5E122DE608E329B07F71 /* compile_ember.sh */ = {isa = PBXFileReference; fileEncoding = 4; lastKnownFileType = text.script.sh; path = compile_ember.sh; sourceTree = "<group>"; };
		DDAA5E1979B9A72E31B3FBFE /* box.js */ = {isa = PBXFileReference; fileEncoding = 4; lastKnownFileType = sourcecode.javascript; name = box.js; path = webapp/samples/box.js; sourceTree = "<group>"; };
		DDAA5E3A977BABE01A9F3E78 /* CNCMachine.js */ = {isa = PBXFileReference; fileEncoding = 4; lastKnownFileType = sourcecode.javascript; path = CNCMachine.js; sourceTree = "<group>"; };
		DDAA5E4E5A44413C0E0942C6 /* test_pycam.ngc */ = {isa = PBXFileReference; lastKnownFileType = file.ngc; name = test_pycam.ngc; path = webapp/samples/test_pycam.ngc; sourceTree = "<group>"; };
		DDAA5E5BE56C40B964FEF1B4 /* cam.js */ = {isa = PBXFileReference; fileEncoding = 4; lastKnownFileType = sourcecode.javascript; name = cam.js; path = webapp/cnc/cam/cam.js; sourceTree = "<group>"; };
		DDAA5E5FA216F4DFA9FD2521 /* index.hbs */ = {isa = PBXFileReference; lastKnownFileType = file.hbs; path = index.hbs; sourceTree = "<group>"; };
		DDAA5EB61DFCC2BB7CFE8DA0 /* text.html */ = {isa = PBXFileReference; fileEncoding = 4; lastKnownFileType = text.html; path = text.html; sourceTree = "<group>"; };
		DDAA5EE2867F451CC9A90B32 /* build-app.js */ = {isa = PBXFileReference; fileEncoding = 4; lastKnownFileType = sourcecode.javascript; path = "build-app.js"; sourceTree = "<group>"; };
		DDAA5EFD373F700DB1829F53 /* toolProfile.js */ = {isa = PBXFileReference; fileEncoding = 4; lastKnownFileType = sourcecode.javascript; name = toolProfile.js; path = 3D/toolProfile.js; sourceTree = "<group>"; };
		DDAA5F0312AAB5E2ACBE6A7A /* view.js */ = {isa = PBXFileReference; fileEncoding = 4; lastKnownFileType = sourcecode.javascript; path = view.js; sourceTree = "<group>"; };
		DDAA5F0C5AECEECBCBD8D9E4 /* icon_fraise_128.png */ = {isa = PBXFileReference; lastKnownFileType = image.png; path = icon_fraise_128.png; sourceTree = "<group>"; };
		DDAA5F11D1C935F6D795348A /* test_3D.html */ = {isa = PBXFileReference; fileEncoding = 4; lastKnownFileType = text.html; path = test_3D.html; sourceTree = "<group>"; };
		DDAA5F1FE345E1887B17F30E /* test_3D_stream.html */ = {isa = PBXFileReference; fileEncoding = 4; lastKnownFileType = text.html; path = test_3D_stream.html; sourceTree = "<group>"; };
		DDAA5F329B72AC25F4AAA0F4 /* toolpath.js */ = {isa = PBXFileReference; fileEncoding = 4; lastKnownFileType = sourcecode.javascript; path = toolpath.js; sourceTree = "<group>"; };
		DDAA5F376DB68FEFFF7FC133 /* CAM.html */ = {isa = PBXFileReference; fileEncoding = 4; lastKnownFileType = text.html; name = CAM.html; path = webapp/CAM.html; sourceTree = "<group>"; };
		DDAA5F4033A35CFACA352CEE /* Makefile */ = {isa = PBXFileReference; fileEncoding = 4; lastKnownFileType = sourcecode.make; name = Makefile; path = interpolator/Makefile; sourceTree = "<group>"; };
		DDAA5F43806C94E0CB22BFF4 /* excellonImporter.js */ = {isa = PBXFileReference; fileEncoding = 4; lastKnownFileType = sourcecode.javascript; path = excellonImporter.js; sourceTree = "<group>"; };
		DDAA5F7BC2F729E4D954E307 /* threeDView.css */ = {isa = PBXFileReference; fileEncoding = 4; lastKnownFileType = text.css; path = threeDView.css; sourceTree = "<group>"; };
		DDAA5F7F528A51ECF8A211B8 /* build-cam.js */ = {isa = PBXFileReference; fileEncoding = 4; lastKnownFileType = sourcecode.javascript; path = "build-cam.js"; sourceTree = "<group>"; };
		DDAA5F8E872CAF0D98D72C3D /* icon_fraise_48.png */ = {isa = PBXFileReference; lastKnownFileType = image.png; path = icon_fraise_48.png; sourceTree = "<group>"; };
		DDAA5F8FF34A16D06AB0A58E /* hilbert.js */ = {isa = PBXFileReference; fileEncoding = 4; lastKnownFileType = sourcecode.javascript; path = hilbert.js; sourceTree = "<group>"; };
		DDAA5F9065BDDAC8C08A000D /* icon_fraise_48.png */ = {isa = PBXFileReference; lastKnownFileType = image.png; path = icon_fraise_48.png; sourceTree = "<group>"; };
		DDAA5F9F727CB3FC94D086B9 /* dremel_bracket.js */ = {isa = PBXFileReference; fileEncoding = 4; lastKnownFileType = sourcecode.javascript; path = dremel_bracket.js; sourceTree = "<group>"; };
		DDAA5FB75EA37BF204AB17BA /* index.hbs */ = {isa = PBXFileReference; lastKnownFileType = file.hbs; path = index.hbs; sourceTree = "<group>"; };
		DDAA5FC5CC98A3276865B59A /* 3DMilling.hbs */ = {isa = PBXFileReference; lastKnownFileType = file.hbs; path = 3DMilling.hbs; sourceTree = "<group>"; };
		DDAA5FD621B8DA11F0ECD11B /* js_sandbox.js */ = {isa = PBXFileReference; fileEncoding = 4; lastKnownFileType = sourcecode.javascript; path = js_sandbox.js; sourceTree = "<group>"; };
		DDAA5FEE74356C8E82100AB8 /* default_vUv.vert */ = {isa = PBXFileReference; fileEncoding = 4; lastKnownFileType = sourcecode.glsl; name = default_vUv.vert; path = shaders/default_vUv.vert; sourceTree = "<group>"; };
		DDAA5FFAC7F227AF3A40874C /* box2.js */ = {isa = PBXFileReference; fileEncoding = 4; lastKnownFileType = sourcecode.javascript; name = box2.js; path = webapp/samples/box2.js; sourceTree = "<group>"; };
		DDAA5FFBD0843DCB15BE40A2 /* parser.js */ = {isa = PBXFileReference; fileEncoding = 4; lastKnownFileType = sourcecode.javascript; path = parser.js; sourceTree = "<group>"; };
		EE861323172A0232008B2029 /* include */ = {isa = PBXFileReference; lastKnownFileType = folder; name = include; path = ../STM32F4.platform/Developer/SDKs/STM34F4.sdk/usr/include; sourceTree = "<group>"; };
		EE861328172A02F7008B2029 /* interpolator */ = {isa = PBXFileReference; explicitFileType = "compiled.mach-o.executable"; includeInIndex = 0; path = interpolator; sourceTree = BUILT_PRODUCTS_DIR; };
/* End PBXFileReference section */

/* Begin PBXFrameworksBuildPhase section */
		EE861325172A02F7008B2029 /* Frameworks */ = {
			isa = PBXFrameworksBuildPhase;
			buildActionMask = 2147483647;
			files = (
			);
			runOnlyForDeploymentPostprocessing = 0;
		};
/* End PBXFrameworksBuildPhase section */

/* Begin PBXGroup section */
		DDAA516E79E125B69CDA92DF /* cad */ = {
			isa = PBXGroup;
			children = (
				DDAA5407DEE90E0E2A589DCE /* wabble.js */,
			);
			path = cad;
			sourceTree = "<group>";
		};
		DDAA5206D11F9BCD97BD8D96 /* 3D */ = {
			isa = PBXGroup;
			children = (
				DDAA5029D05055DF40E03C55 /* toolProfile.js */,
				DDAA5699D633BDE7062A0B3B /* modelProjector.js */,
				DDAA56084DF1239F53C2D3A8 /* minkowskiPass.js */,
				DDAA5B9127FD1D1D71501224 /* 3Dcomputer.js */,
				DDAA55C1BC3E322FEB4DDDDE /* contourExtractor.js */,
			);
			path = 3D;
			sourceTree = "<group>";
		};
		DDAA52265177156924CC4FB5 /* images */ = {
			isa = PBXGroup;
			children = (
				DDAA55B330007C9773B22298 /* palette.png */,
				DDAA533DF299518744B4F61A /* icon_fraise.svg */,
				DDAA5F9065BDDAC8C08A000D /* icon_fraise_48.png */,
				DDAA5786D58158F3ED2ADB5D /* icon_fraise_128.png */,
				DDAA5CE2FE1C0B27B819EAC7 /* spinner.svg */,
			);
			path = images;
			sourceTree = "<group>";
		};
		DDAA523AE7B7F35746CA1F5A /* cam */ = {
			isa = PBXGroup;
			children = (
				DDAA5B08E58D8D0CDBC74EAA /* cam.js */,
				DDAA53F77ADBB124F31E26D6 /* text.js */,
				DDAA57A1B65CDC501D4100D6 /* pocket.js */,
				DDAA5F329B72AC25F4AAA0F4 /* toolpath.js */,
				DDAA5C7C2C93424ED58CED62 /* operations.js */,
				DDAA5453F941FAED7073FAF6 /* modelProjector.js */,
				DDAA5EFD373F700DB1829F53 /* toolProfile.js */,
				DDAA5206D11F9BCD97BD8D96 /* 3D */,
			);
			path = cam;
			sourceTree = "<group>";
		};
		DDAA5321C32220FC1AD72230 /* images */ = {
			isa = PBXGroup;
			children = (
				DDAA50185FA71D6DF743BEDF /* palette.png */,
				DDAA572F77B201065CB57BFA /* icon_fraise.svg */,
				DDAA5F8E872CAF0D98D72C3D /* icon_fraise_48.png */,
				DDAA5F0C5AECEECBCBD8D9E4 /* icon_fraise_128.png */,
			);
			name = images;
			path = webapp/images;
			sourceTree = "<group>";
		};
		DDAA54E2136E795D172E250D /* templates */ = {
			isa = PBXGroup;
			children = (
				DDAA5D0CF378287552FFC123 /* textApp.hbs */,
				DDAA5612EBDD75ED97026C74 /* draftApp.hbs */,
				DDAA51F34BDB532649B2A0E7 /* camApp.hbs */,
				DDAA571C07D4352852D807BF /* controllerPanel.hbs */,
				DDAA5583FA74E90180E93A59 /* jobView.hbs */,
				DDAA5A4300864DA095799734 /* visucamApp.hbs */,
				DDAA5D77A5D9B547BFD9190D /* operation.hbs */,
				DDAA59854CED3DBBCA224A7B /* simpleContour.hbs */,
				DDAA516825B68A6E2F8C8BF2 /* rampingContour.hbs */,
				DDAA512A6F80D13802A577A8 /* simpleEngraving.hbs */,
				DDAA58A5DFBAB23556EC309E /* operationPocket.hbs */,
				DDAA5825769A005C1F8AFA15 /* job.hbs */,
				DDAA5842114ED8C7CB2317A1 /* job */,
				DDAA5E5FA216F4DFA9FD2521 /* index.hbs */,
				DDAA5FB75EA37BF204AB17BA /* index.hbs */,
				DDAA539FD93D356B58CD2E5F /* shape.hbs */,
				DDAA5FC5CC98A3276865B59A /* 3DMilling.hbs */,
				DDAA5C4590D198711729289B /* drilling.hbs */,
				DDAA5B453A7758A947C1B962 /* loading.hbs */,
			);
			path = templates;
			sourceTree = "<group>";
		};
		DDAA578DA70A278D09C3C8B3 /* gcode */ = {
			isa = PBXGroup;
			children = (
				DDAA5FFBD0843DCB15BE40A2 /* parser.js */,
				DDAA518A65DC4269AC7A31E2 /* simulation.js */,
				DDAA564612DF5D10C28D01FB /* gcodeSimulation.js */,
				DDAA5DADF1563A99CFD20E6D /* geometry.js */,
			);
			path = gcode;
			sourceTree = "<group>";
		};
		DDAA583A61983C47EBEC4003 /* cnc */ = {
			isa = PBXGroup;
			children = (
				DDAA5646268DBD0C1FEF3018 /* cam.js */,
				DDAA523D7A9109D74C7BA499 /* util.js */,
				DDAA524C2453225E6A0DEB24 /* parser.js */,
				DDAA587EC27F95C78E5D93C2 /* bezier.js */,
				DDAA5141D73409AE9F8FF6D9 /* contour.js */,
				DDAA59240776C46200C93D09 /* delaunay.js */,
				DDAA560A454AFC2E09FD860F /* elliptic.js */,
				DDAA594E8EF545C3CD0D0873 /* geometry.js */,
				DDAA564C2FBE78706409C739 /* simulation.js */,
				DDAA52CAC3926B8B4F4B829A /* threeDView.js */,
				DDAA53C9FA100E05C62C575E /* views.js */,
				DDAA59E1C202A1DFCFB7CC1A /* ui */,
				DDAA578DA70A278D09C3C8B3 /* gcode */,
				DDAA56A071D2C1C48771DF86 /* CNCMachine.js */,
				DDAA526E8216C0F4B90FC84F /* connection.js */,
				DDAA513A9EE7AC2438C9E111 /* runner.js */,
				DDAA5C74CF7DB45DBB47525E /* controller */,
				DDAA5957E406CDDA9E6840E6 /* svg.marker.js */,
				DDAA558DB0228EB233245972 /* cam.js */,
				DDAA595DBB4D5BAE939717CF /* pocket.js */,
				DDAA5025C78B5E2021BC5F1C /* text.js */,
				DDAA523AE7B7F35746CA1F5A /* cam */,
				DDAA58A20FC66E2EF26DDE50 /* svgImporter.js */,
				DDAA55F97E8D9015119CC503 /* wabble.js */,
				DDAA516E79E125B69CDA92DF /* cad */,
				DDAA5B3E3A796AE05E292A03 /* app */,
				DDAA588F9FE71EEF0F8A0791 /* gerberImporter.js */,
				DDAA5F43806C94E0CB22BFF4 /* excellonImporter.js */,
				DDAA5F8FF34A16D06AB0A58E /* hilbert.js */,
				DDAA531F684874FDE40B5CDE /* morphology.js */,
			);
			path = cnc;
			sourceTree = "<group>";
		};
		DDAA5842114ED8C7CB2317A1 /* job */ = {
			isa = PBXGroup;
			children = (
			);
			path = job;
			sourceTree = "<group>";
		};
		DDAA59906CEEDDDE943F0A35 /* interpolator */ = {
			isa = PBXGroup;
			children = (
				DDAA52AFFAE054B9E7D1FA72 /* cnc.h */,
				DDAA584BFDA15E844B048D27 /* usb.c */,
				DDAA56A96A84A867D1FB119B /* main.c */,
				DDAA5048B1B1F3BE543B936C /* Makefile */,
				DDAA564BD4990327507E01D0 /* manual.c */,
				DDAA53AA7C3A8E851F307E47 /* usbdesc.c */,
				DDAA59BA108DAA54889DD24E /* spiIO.c */,
			);
			path = interpolator;
			sourceTree = "<group>";
		};
		DDAA59E1C202A1DFCFB7CC1A /* ui */ = {
			isa = PBXGroup;
			children = (
				DDAA5D362B64EEE93DE54810 /* views.js */,
				DDAA5A55C036357C8CD5193C /* twoDView.js */,
				DDAA50DB79A1ADCAFA5BA02C /* pocketView.js */,
				DDAA572B976576EFEEC3D1E4 /* gcodeEditor.js */,
				DDAA5C0935B9A14147485CB2 /* threeDView.js */,
				DDAA59E7DF6E04578E0F4F11 /* jsEditor.js */,
				DDAA5235379E9AD793E3FF71 /* cubeManipulator.js */,
				DDAA5C8A7830C1829BD88573 /* graphicView.js */,
			);
			path = ui;
			sourceTree = "<group>";
		};
		DDAA5A425E5621D2C9E82BF5 /* various_tests */ = {
			isa = PBXGroup;
			children = (
				DDAA538867A4B3260D484DA4 /* test.html */,
				DDAA5869D1F854193900175F /* tests.js */,
				DDAA54C1BA8462A256686F0D /* test_voronoi.html */,
				DDAA5F11D1C935F6D795348A /* test_3D.html */,
				DDAA5DA5227AB2B1DD67F20A /* test_threejs.html */,
				DDAA5EB61DFCC2BB7CFE8DA0 /* text.html */,
				DDAA5F1FE345E1887B17F30E /* test_3D_stream.html */,
				DDAA50E05857779781B5F4A2 /* test_3D_conservative_rendering.html */,
				DDAA5479264CEDD3A05DBA83 /* contour.html */,
			);
			path = various_tests;
			sourceTree = "<group>";
		};
		DDAA5B3E3A796AE05E292A03 /* app */ = {
			isa = PBXGroup;
			children = (
				DDAA54B87A480F458CED26C3 /* models.js */,
				DDAA5F0312AAB5E2ACBE6A7A /* view.js */,
				DDAA59EA70480E724659BF78 /* controller.js */,
				DDAA5A32F9D205231BDF381E /* task.js */,
				DDAA57A5978ED5B2812A75EF /* job.js */,
				DDAA5D67C526F2A6ABFC2230 /* models */,
			);
			path = app;
			sourceTree = "<group>";
		};
		DDAA5C3962D61ED70B454815 /* cnc */ = {
			isa = PBXGroup;
			children = (
				DDAA5DBED23BB93B2FA59786 /* util.js */,
				DDAA565B87C730ABFFB31DCA /* parser.js */,
				DDAA5B9DC9B92B70673AA0BE /* bezier.js */,
				DDAA5DA7202D3250BD94C922 /* contour.js */,
				DDAA561E868824DA17BCB9AA /* delaunay.js */,
				DDAA5367902362964A0915C2 /* elliptic.js */,
				DDAA5AAFC3B9C67160FA662D /* geometry.js */,
				DDAA54613393642E5474B2DC /* simulation.js */,
			);
			name = cnc;
			path = webapp/cnc;
			sourceTree = "<group>";
		};
		DDAA5C74CF7DB45DBB47525E /* controller */ = {
			isa = PBXGroup;
			children = (
				DDAA58E6C11B529BB5B59083 /* runner.js */,
				DDAA5E3A977BABE01A9F3E78 /* CNCMachine.js */,
				DDAA529E27A076D6E269389A /* connection.js */,
			);
			path = controller;
			sourceTree = "<group>";
		};
		DDAA5D67C526F2A6ABFC2230 /* models */ = {
			isa = PBXGroup;
			children = (
				DDAA5DFFCA6C2A31934FF748 /* job.js */,
				DDAA511818C5D1141E7619BB /* operation.js */,
			);
			path = models;
			sourceTree = "<group>";
		};
		DDAA5E107A0690EF14F64382 /* samples */ = {
			isa = PBXGroup;
			children = (
				DDAA5B8B36FAD3C7D762DA11 /* box.js */,
				DDAA52B1A4915275E73497A2 /* box2.js */,
				DDAA5B32ABEAC29E2C09425A /* tux.ngc */,
				DDAA52F3574050B6296E6814 /* test_pycam.ngc */,
				DDAA5F9F727CB3FC94D086B9 /* dremel_bracket.js */,
				DDAA5950A619B90125653E97 /* fontExample.js */,
				DDAA5526562DE2F5D309F976 /* webgcode.ngc */,
				DDAA511CE8BD477E113E0D3E /* aztec_calendar.ngc */,
				DDAA58BB5F7B2688475369C7 /* soap.stl */,
			);
			path = samples;
			sourceTree = "<group>";
		};
		DDAA5F87EF557AAB66F5CF3F /* webapp */ = {
			isa = PBXGroup;
			children = (
				DDAA583A61983C47EBEC4003 /* cnc */,
				DDAA52265177156924CC4FB5 /* images */,
				DDAA555C548B8E40C2B7D38F /* CAM.html */,
				DDAA543BCEF47183F5DDA70F /* runner.js */,
				DDAA5622C29CE547B513B64F /* worker.js */,
				DDAA54D6E2B749291B054589 /* index.html */,
				DDAA593347EC813B12F6ABB6 /* background.js */,
				DDAA5BD4D3436F114AB6921D /* manifest.json */,
				DDAA578CF1A78A375FB0D041 /* twoDView.css */,
				DDAA59E3CD1BC8E48FD71658 /* textApp.hbs */,
				DDAA54E2136E795D172E250D /* templates */,
				DDAA5E107A0690EF14F64382 /* samples */,
				DDAA53B8DAE05E27A375FE9B /* config.js */,
				DDAA5F7BC2F729E4D954E307 /* threeDView.css */,
				DDAA5C0499B85D85B809052F /* templates.js */,
				DDAA533BF8B7D627643AC0C2 /* README */,
				DDAA5B712AE405ADF7EF281A /* CAM.js */,
				DDAA58C1C0B782FE90795713 /* js_sandbox.html */,
				DDAA57993DC17F9A33414D80 /* controllerEmber.js */,
				DDAA55AE23998F53B255B243 /* visucamTest.html */,
				DDAA5EE2867F451CC9A90B32 /* build-app.js */,
				DDAA5F7F528A51ECF8A211B8 /* build-cam.js */,
				DDAA52E5A7394BAD5D0799D3 /* build-sandbox.js */,
				DDAA5FD621B8DA11F0ECD11B /* js_sandbox.js */,
				DDAA5E122DE608E329B07F71 /* compile_ember.sh */,
				DDAA5C9FEE3CFFBDD4F6E9D2 /* visucam.js */,
				DDAA51A93DCA76CF68CA69AA /* firebase.js */,
				DDAA5785A33DF48AE7C33AE2 /* firebase-debug.js */,
				DDAA5428E240AD53D84E839F /* STLLoader.js */,
				DDAA58A68B3AD6541C366CEB /* SubdivisionModifier.js */,
				DDAA546068AA808773A44475 /* pako.min.js */,
				DDAA5AC14AAD3A2C784B1419 /* yenc.js */,
				DDAA5CA206006D8E2D7FCDB5 /* flatten.js */,
				DDAA55C35AFE6514E4CC086D /* make_zip.sh */,
				DDAA5176D23D94DAB08162AD /* shaders */,
				DDAA5FEE74356C8E82100AB8 /* default_vUv.vert */,
				DDAA5BFCED9419518BAD691A /* medial_axis.frag */,
				DDAA53CBCFE5DFFC2B401675 /* simple.frag */,
				DDAA55F3A85B6FDBC03F92FA /* max_value.frag */,
			);
			path = webapp;
			sourceTree = "<group>";
		};
		EE0864331729F61900AB3B0B = {
			isa = PBXGroup;
			children = (
				EE861323172A0232008B2029 /* include */,
				EE861329172A02F7008B2029 /* Products */,
				DDAA5A99ECD28BC66706A677 /* manifest.json */,
				DDAA58422CF9EADC8397599D /* background.js */,
				DDAA5223044005BFC70BD5DE /* usb.c */,
				DDAA5518BC9939B7C36FE0B9 /* jquery.flot.resize.js */,
				DDAA56FDF85987C80CFAD40D /* tux.ngc */,
				DDAA5C39B59BE70527721DE7 /* cnc.h */,
				DDAA56B90C5F7FBE9FC0A534 /* usbdesc.c */,
				DDAA5C7DCC7731222576D7BA /* delaunay.js */,
				DDAA51DE17B96DCF612B22D5 /* contour.js */,
				DDAA53D0D9AE21EE52463EAE /* manual.c */,
				DDAA58FBD65B40549EC27922 /* elliptic.js */,
				DDAA5E1979B9A72E31B3FBFE /* box.js */,
				DDAA5F376DB68FEFFF7FC133 /* CAM.html */,
				DDAA53A88FF1511A72FDAAE0 /* threeDView.js */,
				DDAA59FEF17A22C1216B27DD /* .nojekyll */,
				DDAA557E11AAA24C9679FF7B /* README.md */,
				DDAA55BC4AF31055E9F8A697 /* worker.js */,
				DDAA5FFAC7F227AF3A40874C /* box2.js */,
				DDAA5C540B906C544541D05B /* dremel_bracket.js */,
				DDAA54C02B65138BA2BC4D67 /* bezier.js */,
				DDAA5E5BE56C40B964FEF1B4 /* cam.js */,
				DDAA5DAA497AA174431D8606 /* index.html */,
				DDAA54B37F49D0A2AC135D5A /* util.js */,
				DDAA568D3480E5D010BB2D93 /* index.html */,
				DDAA5E4E5A44413C0E0942C6 /* test_pycam.ngc */,
				DDAA5321C32220FC1AD72230 /* images */,
				DDAA5C1795288A876C637870 /* TrackballControls.js */,
				DDAA5F87EF557AAB66F5CF3F /* webapp */,
				DDAA5C3962D61ED70B454815 /* cnc */,
				DDAA57EC5BF49CA63E23EA57 /* draft.html */,
				DDAA54F3B578CC3FCC5E03A2 /* main.c */,
				DDAA5F4033A35CFACA352CEE /* Makefile */,
				DDAA59271DF6A4EFEC26F9A7 /* .gitignore */,
				DDAA59906CEEDDDE943F0A35 /* interpolator */,
				DDAA529BF8EEBE4231120887 /* test_3D_flat.html */,
				DDAA56579CF2C65E1BC0ADD2 /* images */,
				DDAA5A425E5621D2C9E82BF5 /* various_tests */,
			);
			sourceTree = "<group>";
		};
		EE861329172A02F7008B2029 /* Products */ = {
			isa = PBXGroup;
			children = (
				EE861328172A02F7008B2029 /* interpolator */,
			);
			name = Products;
			sourceTree = "<group>";
		};
/* End PBXGroup section */

/* Begin PBXLegacyTarget section */
		EE0864381729F61A00AB3B0B /* webgcode */ = {
			isa = PBXLegacyTarget;
			buildArgumentsString = "$(ACTION)";
			buildConfigurationList = EE08643B1729F61A00AB3B0B /* Build configuration list for PBXLegacyTarget "webgcode" */;
			buildPhases = (
			);
			buildToolPath = /usr/bin/make;
			dependencies = (
			);
			name = webgcode;
			passBuildSettingsInEnvironment = 1;
			productName = webgcode;
		};
/* End PBXLegacyTarget section */

/* Begin PBXNativeTarget section */
		EE861327172A02F7008B2029 /* interpolator */ = {
			isa = PBXNativeTarget;
			buildConfigurationList = EE86132F172A02F7008B2029 /* Build configuration list for PBXNativeTarget "interpolator" */;
			buildPhases = (
				EE861324172A02F7008B2029 /* Sources */,
				EE861325172A02F7008B2029 /* Frameworks */,
				EE861326172A02F7008B2029 /* CopyFiles */,
			);
			buildRules = (
			);
			dependencies = (
			);
			name = interpolator;
			productName = test;
			productReference = EE861328172A02F7008B2029 /* interpolator */;
			productType = "com.apple.product-type.tool";
		};
/* End PBXNativeTarget section */

/* Begin PBXProject section */
		EE0864341729F61900AB3B0B /* Project object */ = {
			isa = PBXProject;
			attributes = {
				LastUpgradeCheck = 0460;
				ORGANIZATIONNAME = "Nicolas Raynaud";
			};
			buildConfigurationList = EE0864371729F61900AB3B0B /* Build configuration list for PBXProject "webgcode" */;
			compatibilityVersion = "Xcode 3.2";
			developmentRegion = English;
			hasScannedForEncodings = 0;
			knownRegions = (
				en,
			);
			mainGroup = EE0864331729F61900AB3B0B;
			productRefGroup = EE861329172A02F7008B2029 /* Products */;
			projectDirPath = "";
			projectRoot = "";
			targets = (
				EE0864381729F61A00AB3B0B /* webgcode */,
				EE861327172A02F7008B2029 /* interpolator */,
			);
		};
/* End PBXProject section */

/* Begin PBXSourcesBuildPhase section */
		EE861324172A02F7008B2029 /* Sources */ = {
			isa = PBXSourcesBuildPhase;
			buildActionMask = 2147483647;
			files = (
				DDAA524E6774021C15E7F044 /* background.js in Sources */,
				DDAA5B6641CFBF0C81D7B5CF /* usb.c in Sources */,
				DDAA5CDD5DCBC168FB293986 /* jquery.flot.resize.js in Sources */,
				DDAA5CA52329A23DE4500854 /* usbdesc.c in Sources */,
				DDAA5E90BDFC07678EE201D3 /* delaunay.js in Sources */,
				DDAA53EB6E3F53DD1452FF40 /* contour.js in Sources */,
				DDAA5E743FA52561B2B0FF84 /* manual.c in Sources */,
				DDAA5219D9583110B392E36B /* elliptic.js in Sources */,
				DDAA5C2080793E5D20E60388 /* threeDView.js in Sources */,
				DDAA5E22BC07E6E31ADB9B99 /* worker.js in Sources */,
				DDAA5B6E340CC8F09A389585 /* box2.js in Sources */,
				DDAA57C1DB0A19207E999D47 /* dremel_bracket.js in Sources */,
				DDAA5DE55277ED7870D14EDE /* bezier.js in Sources */,
				DDAA52E155F43FEF754302E3 /* cam.js in Sources */,
				DDAA53F8EC144A6CD65CB9E3 /* util.js in Sources */,
				DDAA514E0F08D607D249A22C /* TrackballControls.js in Sources */,
				DDAA5CB4375378EBA86C5C36 /* cam.js in Sources */,
				DDAA5697D8F7684366F24018 /* util.js in Sources */,
				DDAA5654909C5FCF3844108D /* parser.js in Sources */,
				DDAA535A09CA8ECFEF222BB2 /* bezier.js in Sources */,
				DDAA5D2F75F04489F197A80C /* contour.js in Sources */,
				DDAA592CE143F93F5D214920 /* delaunay.js in Sources */,
				DDAA5A80B590F73D124F1CDA /* elliptic.js in Sources */,
				DDAA513DEAB1F20CBF66578D /* geometry.js in Sources */,
				DDAA5F939B8D9099BE918948 /* simulation.js in Sources */,
				DDAA5D6C847AA2C7E9608326 /* threeDView.js in Sources */,
				DDAA5EE058BB441CC4362AC1 /* runner.js in Sources */,
				DDAA513C5E9C37176C306B4B /* worker.js in Sources */,
				DDAA52D5F1369521819B4C9E /* background.js in Sources */,
				DDAA5A8CE27B6D4D2A53A300 /* util.js in Sources */,
				DDAA569FBDD72F64A3F26A03 /* parser.js in Sources */,
				DDAA567F81C6F3DC888C2653 /* bezier.js in Sources */,
				DDAA59E5BD604F20F4F3EA38 /* contour.js in Sources */,
				DDAA5A767582AAED8D06A869 /* delaunay.js in Sources */,
				DDAA580B449779665EC9B1BB /* elliptic.js in Sources */,
				DDAA56105E019F8318F45B2F /* geometry.js in Sources */,
				DDAA5FC42305B4290E9C0612 /* simulation.js in Sources */,
				DDAA5D8522CC01C3FDEDF044 /* views.js in Sources */,
				DDAA54D76ECEC7A8B4F7AB6B /* twoDView.js in Sources */,
				DDAA5EA8781DF5F9C0E660F7 /* pocketView.js in Sources */,
				DDAA5B174B890AC6DBB4E5BE /* gcodeEditor.js in Sources */,
				DDAA5DBA9CD987F8FBD3D0DD /* box.js in Sources */,
				DDAA5D6E4E2AFD02DD05691A /* box2.js in Sources */,
				DDAA5658A1A457313870378C /* dremel_bracket.js in Sources */,
				DDAA5D38B3BF7B2FC43F4851 /* fontExample.js in Sources */,
				DDAA5BA04189E6342FD05B3B /* parser.js in Sources */,
				DDAA5ACF27FBFF82B945B8C5 /* simulation.js in Sources */,
				DDAA5D90EE9DE4EC61C33CDF /* gcodeSimulation.js in Sources */,
				DDAA5B116FD23E8192E7F356 /* geometry.js in Sources */,
				DDAA5D0B161CD906FAD9253F /* config.js in Sources */,
				DDAA5C08E864DE4AE70AD325 /* threeDView.js in Sources */,
				DDAA5362E723C401443B5354 /* templates.js in Sources */,
				DDAA5056C47AB29F4BFD5D4D /* jsEditor.js in Sources */,
				DDAA567630AE1A676F5E3913 /* main.c in Sources */,
				DDAA54852E03FAA2BCD78712 /* Makefile in Sources */,
				DDAA56CD13934EDB4AD46B3D /* CAM.js in Sources */,
				DDAA5748456A3971A5DA31C8 /* controllerEmber.js in Sources */,
				DDAA52913C0A0E6F56B49AF9 /* usb.c in Sources */,
				DDAA577C5CD9C4CF90DA1665 /* main.c in Sources */,
				DDAA51F326C3B7DBDBA134E1 /* Makefile in Sources */,
				DDAA5DCBA91442683AAE42AE /* manual.c in Sources */,
				DDAA572BA7617C54EEA6AA7D /* usbdesc.c in Sources */,
				DDAA5DA0D277F5FFA1371DC2 /* CNCMachine.js in Sources */,
				DDAA5B3DDB8D91D8EB395100 /* connection.js in Sources */,
				DDAA57F319E245AB1BBEDAF8 /* runner.js in Sources */,
				DDAA5BFCEDA2F8FF642ABECB /* runner.js in Sources */,
				DDAA55509B103F05A9CE94E3 /* CNCMachine.js in Sources */,
				DDAA533472A073F79FA82002 /* connection.js in Sources */,
				DDAA5D43FB7EF67FAE49C5C4 /* build-app.js in Sources */,
				DDAA55540BD64EEFE07C6C79 /* build-cam.js in Sources */,
				DDAA51E5DC9B01FFC2D2154E /* build-sandbox.js in Sources */,
				DDAA5647D1988D2672299EA5 /* js_sandbox.js in Sources */,
				DDAA54A183E699E9FC378EA6 /* visucam.js in Sources */,
				DDAA5D6EE86074E5A8E3E0AF /* svg.marker.js in Sources */,
				DDAA566CEFB8F071A326DA0A /* cubeManipulator.js in Sources */,
				DDAA5A17DAC86C6985919C73 /* cam.js in Sources */,
				DDAA5BF078C361A627079BCA /* pocket.js in Sources */,
				DDAA53647A0132493517CB99 /* text.js in Sources */,
				DDAA5108FA65E4F9D6A1E675 /* cam.js in Sources */,
				DDAA54F4DB4A58224EE863F6 /* text.js in Sources */,
				DDAA5EBCB176CFEDF9E2B1F8 /* pocket.js in Sources */,
				DDAA5AC03D5FEAC07C257F39 /* toolpath.js in Sources */,
				DDAA53561E04E2D74CF29A0D /* graphicView.js in Sources */,
				DDAA572DAF73F1DDEE6E8B16 /* operations.js in Sources */,
				DDAA5D5E700F9A145BC68B4F /* svgImporter.js in Sources */,
				DDAA59DDAACDD4A61B30F37E /* wabble.js in Sources */,
				DDAA542953A819135BF87E2B /* wabble.js in Sources */,
				DDAA5627DFA975E3CFD1372C /* models.js in Sources */,
				DDAA5F486F34FA71AFAF3B94 /* firebase.js in Sources */,
				DDAA58D07301B2E75AC0C420 /* firebase-debug.js in Sources */,
				DDAA51C7A0C9EE7238B6378F /* view.js in Sources */,
				DDAA5FA9BD2B2F4586ADBFFC /* controller.js in Sources */,
				DDAA59F0952A1BB4918E903B /* STLLoader.js in Sources */,
				DDAA505D83526CACD8BEAE28 /* SubdivisionModifier.js in Sources */,
				DDAA502D3982345913C9385A /* pako.min.js in Sources */,
				DDAA58BE9DBD78082FD48E01 /* yenc.js in Sources */,
				DDAA5D3E4B6B0860793CF993 /* modelProjector.js in Sources */,
				DDAA563B30809A928E04C41B /* toolProfile.js in Sources */,
				DDAA5DFEF913DE182DD53320 /* toolProfile.js in Sources */,
				DDAA5A151ABE5BF21E85D111 /* modelProjector.js in Sources */,
				DDAA59B0F8FA43BFF1934F05 /* minkowskiPass.js in Sources */,
				DDAA5BF9DA78E56D2C8A9A8D /* 3Dcomputer.js in Sources */,
				DDAA5427DBFF039E57D1F32D /* task.js in Sources */,
				DDAA57D2E5598CB83A286091 /* flatten.js in Sources */,
				DDAA5CE0C0CD524CDC51CC86 /* gerberImporter.js in Sources */,
				DDAA5D53FDA3835E9E30C7FA /* excellonImporter.js in Sources */,
				DDAA562BD5757A9BECFECBE2 /* hilbert.js in Sources */,
				DDAA5F829DA328E442EA745B /* job.js in Sources */,
				DDAA52CCCB5E5211FCE50E45 /* job.js in Sources */,
				DDAA5BFD83B2A6D8F014E2AF /* operation.js in Sources */,
				DDAA527F11BF37A7A90B4F67 /* spiIO.c in Sources */,
				DDAA5FDA1C24C12701412BF3 /* contourExtractor.js in Sources */,
				DDAA5CD9970A58D18AB5F581 /* tests.js in Sources */,
				DDAA5DDD9B52552DF2402A67 /* morphology.js in Sources */,
			);
			runOnlyForDeploymentPostprocessing = 0;
		};
/* End PBXSourcesBuildPhase section */

/* Begin XCBuildConfiguration section */
		EE0864391729F61A00AB3B0B /* Debug */ = {
			isa = XCBuildConfiguration;
			buildSettings = {
				ALWAYS_SEARCH_USER_PATHS = NO;
				ARCHS = "$(ARCHS_STANDARD_64_BIT)";
				CLANG_CXX_LANGUAGE_STANDARD = "gnu++0x";
				CLANG_CXX_LIBRARY = "libc++";
				CLANG_WARN_CONSTANT_CONVERSION = YES;
				CLANG_WARN_EMPTY_BODY = YES;
				CLANG_WARN_ENUM_CONVERSION = YES;
				CLANG_WARN_INT_CONVERSION = YES;
				CLANG_WARN__DUPLICATE_METHOD_MATCH = YES;
				COPY_PHASE_STRIP = NO;
				GCC_C_LANGUAGE_STANDARD = gnu99;
				GCC_DYNAMIC_NO_PIC = NO;
				GCC_ENABLE_OBJC_EXCEPTIONS = YES;
				GCC_OPTIMIZATION_LEVEL = 0;
				GCC_PREPROCESSOR_DEFINITIONS = (
					"DEBUG=1",
					"$(inherited)",
				);
				GCC_SYMBOLS_PRIVATE_EXTERN = NO;
				GCC_WARN_64_TO_32_BIT_CONVERSION = YES;
				GCC_WARN_ABOUT_RETURN_TYPE = YES;
				GCC_WARN_UNINITIALIZED_AUTOS = YES;
				GCC_WARN_UNUSED_VARIABLE = YES;
				MACOSX_DEPLOYMENT_TARGET = 10.8;
				ONLY_ACTIVE_ARCH = YES;
				SDKROOT = macosx;
			};
			name = Debug;
		};
		EE08643A1729F61A00AB3B0B /* Release */ = {
			isa = XCBuildConfiguration;
			buildSettings = {
				ALWAYS_SEARCH_USER_PATHS = NO;
				ARCHS = "$(ARCHS_STANDARD_64_BIT)";
				CLANG_CXX_LANGUAGE_STANDARD = "gnu++0x";
				CLANG_CXX_LIBRARY = "libc++";
				CLANG_WARN_CONSTANT_CONVERSION = YES;
				CLANG_WARN_EMPTY_BODY = YES;
				CLANG_WARN_ENUM_CONVERSION = YES;
				CLANG_WARN_INT_CONVERSION = YES;
				CLANG_WARN__DUPLICATE_METHOD_MATCH = YES;
				COPY_PHASE_STRIP = YES;
				DEBUG_INFORMATION_FORMAT = "dwarf-with-dsym";
				GCC_C_LANGUAGE_STANDARD = gnu99;
				GCC_ENABLE_OBJC_EXCEPTIONS = YES;
				GCC_WARN_64_TO_32_BIT_CONVERSION = YES;
				GCC_WARN_ABOUT_RETURN_TYPE = YES;
				GCC_WARN_UNINITIALIZED_AUTOS = YES;
				GCC_WARN_UNUSED_VARIABLE = YES;
				MACOSX_DEPLOYMENT_TARGET = 10.8;
				SDKROOT = macosx;
			};
			name = Release;
		};
		EE08643C1729F61A00AB3B0B /* Debug */ = {
			isa = XCBuildConfiguration;
			buildSettings = {
				DEBUGGING_SYMBOLS = YES;
				GCC_GENERATE_DEBUGGING_SYMBOLS = YES;
				GCC_OPTIMIZATION_LEVEL = 0;
				HEADER_SEARCH_PATHS = /Users/nraynaud/dev/STM32F4.platform/Developer/SDKs/STM34F4.sdk/usr/include;
				OTHER_CFLAGS = "";
				OTHER_LDFLAGS = "";
				PRODUCT_NAME = "$(TARGET_NAME)";
			};
			name = Debug;
		};
		EE08643D1729F61A00AB3B0B /* Release */ = {
			isa = XCBuildConfiguration;
			buildSettings = {
				HEADER_SEARCH_PATHS = /Users/nraynaud/dev/STM32F4.platform/Developer/SDKs/STM34F4.sdk/usr/include;
				OTHER_CFLAGS = "";
				OTHER_LDFLAGS = "";
				PRODUCT_NAME = "$(TARGET_NAME)";
			};
			name = Release;
		};
		EE861330172A02F7008B2029 /* Debug */ = {
			isa = XCBuildConfiguration;
			buildSettings = {
				ADDITIONAL_SDKS = /Users/nraynaud/dev/STM32F4.platform/Developer/SDKs/STM34F4.sdk;
				PRODUCT_NAME = "$(TARGET_NAME)";
			};
			name = Debug;
		};
		EE861331172A02F7008B2029 /* Release */ = {
			isa = XCBuildConfiguration;
			buildSettings = {
				ADDITIONAL_SDKS = /Users/nraynaud/dev/STM32F4.platform/Developer/SDKs/STM34F4.sdk;
				PRODUCT_NAME = "$(TARGET_NAME)";
			};
			name = Release;
		};
/* End XCBuildConfiguration section */

/* Begin XCConfigurationList section */
		EE0864371729F61900AB3B0B /* Build configuration list for PBXProject "webgcode" */ = {
			isa = XCConfigurationList;
			buildConfigurations = (
				EE0864391729F61A00AB3B0B /* Debug */,
				EE08643A1729F61A00AB3B0B /* Release */,
			);
			defaultConfigurationIsVisible = 0;
			defaultConfigurationName = Release;
		};
		EE08643B1729F61A00AB3B0B /* Build configuration list for PBXLegacyTarget "webgcode" */ = {
			isa = XCConfigurationList;
			buildConfigurations = (
				EE08643C1729F61A00AB3B0B /* Debug */,
				EE08643D1729F61A00AB3B0B /* Release */,
			);
			defaultConfigurationIsVisible = 0;
			defaultConfigurationName = Release;
		};
		EE86132F172A02F7008B2029 /* Build configuration list for PBXNativeTarget "interpolator" */ = {
			isa = XCConfigurationList;
			buildConfigurations = (
				EE861330172A02F7008B2029 /* Debug */,
				EE861331172A02F7008B2029 /* Release */,
			);
			defaultConfigurationIsVisible = 0;
			defaultConfigurationName = Release;
		};
/* End XCConfigurationList section */
	};
	rootObject = EE0864341729F61900AB3B0B /* Project object */;
}
