// !$*UTF8*$!
{
	archiveVersion = 1;
	classes = {
	};
	objectVersion = 46;
	objects = {

/* Begin PBXBuildFile section */
		DDAA5112A98CF57045D5EC46 /* index.js in Sources */ = {isa = PBXBuildFile; fileRef = DDAA5952187ECA2FF5B96420 /* index.js */; };
		DDAA524E6774021C15E7F044 /* background.js in Sources */ = {isa = PBXBuildFile; fileRef = DDAA58422CF9EADC8397599D /* background.js */; };
		DDAA59F8C14ADBE647A5FE41 /* cnc.h in CopyFiles */ = {isa = PBXBuildFile; fileRef = DDAA5C39B59BE70527721DE7 /* cnc.h */; };
		DDAA5B6641CFBF0C81D7B5CF /* usb.c in Sources */ = {isa = PBXBuildFile; fileRef = DDAA5223044005BFC70BD5DE /* usb.c */; };
		DDAA5CA52329A23DE4500854 /* usbdesc.c in Sources */ = {isa = PBXBuildFile; fileRef = DDAA56B90C5F7FBE9FC0A534 /* usbdesc.c */; };
		DDAA5CDD5DCBC168FB293986 /* jquery.flot.resize.js in Sources */ = {isa = PBXBuildFile; fileRef = DDAA5518BC9939B7C36FE0B9 /* jquery.flot.resize.js */; };
		DDAA5D86ED26C5CD14D88228 /* jsparse.js in Sources */ = {isa = PBXBuildFile; fileRef = DDAA54F29F1F185A35EE1B8C /* jsparse.js */; };
		DDAA5E39B611B3CD37DFF97F /* geometry.js in Sources */ = {isa = PBXBuildFile; fileRef = DDAA507CC79F9033457329F7 /* geometry.js */; };
		EE86132C172A02F7008B2029 /* main.c in Sources */ = {isa = PBXBuildFile; fileRef = EE86132B172A02F7008B2029 /* main.c */; };
		EE861334172A0501008B2029 /* main.c in Sources */ = {isa = PBXBuildFile; fileRef = EE861332172A0501008B2029 /* main.c */; };
		EE861335172A0502008B2029 /* Makefile in Sources */ = {isa = PBXBuildFile; fileRef = EE861333172A0501008B2029 /* Makefile */; };
/* End PBXBuildFile section */

/* Begin PBXCopyFilesBuildPhase section */
		EE861326172A02F7008B2029 /* CopyFiles */ = {
			isa = PBXCopyFilesBuildPhase;
			buildActionMask = 2147483647;
			dstPath = /usr/share/man/man1/;
			dstSubfolderSpec = 0;
			files = (
				DDAA59F8C14ADBE647A5FE41 /* cnc.h in CopyFiles */,
			);
			runOnlyForDeploymentPostprocessing = 1;
		};
/* End PBXCopyFilesBuildPhase section */

/* Begin PBXFileReference section */
		DDAA50787FD3BD28F80E1F0D /* test.py */ = {isa = PBXFileReference; fileEncoding = 4; lastKnownFileType = text.script.python; path = test.py; sourceTree = "<group>"; };
		DDAA507CC79F9033457329F7 /* geometry.js */ = {isa = PBXFileReference; fileEncoding = 4; lastKnownFileType = sourcecode.javascript; name = geometry.js; path = webapp/cnc/geometry.js; sourceTree = "<group>"; };
		DDAA5223044005BFC70BD5DE /* usb.c */ = {isa = PBXFileReference; fileEncoding = 4; lastKnownFileType = sourcecode.c.c; name = usb.c; path = interpolator/usb.c; sourceTree = "<group>"; };
		DDAA54F29F1F185A35EE1B8C /* jsparse.js */ = {isa = PBXFileReference; fileEncoding = 4; lastKnownFileType = sourcecode.javascript; name = jsparse.js; path = webapp/libs/jsparse.js; sourceTree = "<group>"; };
		DDAA5518BC9939B7C36FE0B9 /* jquery.flot.resize.js */ = {isa = PBXFileReference; fileEncoding = 4; lastKnownFileType = sourcecode.javascript; name = jquery.flot.resize.js; path = assets/jquery.flot.resize.js; sourceTree = "<group>"; };
		DDAA56B90C5F7FBE9FC0A534 /* usbdesc.c */ = {isa = PBXFileReference; fileEncoding = 4; lastKnownFileType = sourcecode.c.c; name = usbdesc.c; path = interpolator/usbdesc.c; sourceTree = "<group>"; };
		DDAA56FDF85987C80CFAD40D /* tux.ngc */ = {isa = PBXFileReference; lastKnownFileType = file.ngx; name = tux.ngc; path = samples/tux.ngc; sourceTree = "<group>"; };
		DDAA58422CF9EADC8397599D /* background.js */ = {isa = PBXFileReference; fileEncoding = 4; lastKnownFileType = sourcecode.javascript; name = background.js; path = webapp/background.js; sourceTree = "<group>"; };
		DDAA5952187ECA2FF5B96420 /* index.js */ = {isa = PBXFileReference; fileEncoding = 4; lastKnownFileType = sourcecode.javascript; name = index.js; path = webapp/index.js; sourceTree = "<group>"; };
		DDAA5A99ECD28BC66706A677 /* manifest.json */ = {isa = PBXFileReference; lastKnownFileType = file.json; name = manifest.json; path = webapp/manifest.json; sourceTree = "<group>"; };
		DDAA5C39B59BE70527721DE7 /* cnc.h */ = {isa = PBXFileReference; fileEncoding = 4; lastKnownFileType = sourcecode.c.h; name = cnc.h; path = interpolator/cnc.h; sourceTree = "<group>"; };
		EE861323172A0232008B2029 /* include */ = {isa = PBXFileReference; lastKnownFileType = folder; name = include; path = ../STM32F4.platform/Developer/SDKs/STM34F4.sdk/usr/include; sourceTree = "<group>"; };
		EE861328172A02F7008B2029 /* interpolator */ = {isa = PBXFileReference; explicitFileType = "compiled.mach-o.executable"; includeInIndex = 0; path = interpolator; sourceTree = BUILT_PRODUCTS_DIR; };
		EE86132B172A02F7008B2029 /* main.c */ = {isa = PBXFileReference; lastKnownFileType = sourcecode.c.c; path = main.c; sourceTree = "<group>"; };
		EE861332172A0501008B2029 /* main.c */ = {isa = PBXFileReference; fileEncoding = 4; lastKnownFileType = sourcecode.c.c; name = main.c; path = interpolator/main.c; sourceTree = SOURCE_ROOT; };
		EE861333172A0501008B2029 /* Makefile */ = {isa = PBXFileReference; fileEncoding = 4; lastKnownFileType = sourcecode.make; name = Makefile; path = interpolator/Makefile; sourceTree = SOURCE_ROOT; };
/* End PBXFileReference section */

/* Begin PBXFrameworksBuildPhase section */
		EE861325172A02F7008B2029 /* Frameworks */ = {
			isa = PBXFrameworksBuildPhase;
			buildActionMask = 2147483647;
			files = (
			);
			runOnlyForDeploymentPostprocessing = 0;
		};
/* End PBXFrameworksBuildPhase section */

/* Begin PBXGroup section */
		EE0864331729F61900AB3B0B = {
			isa = PBXGroup;
			children = (
				EE861323172A0232008B2029 /* include */,
				EE86132A172A02F7008B2029 /* interpolator */,
				EE861329172A02F7008B2029 /* Products */,
				DDAA5A99ECD28BC66706A677 /* manifest.json */,
				DDAA58422CF9EADC8397599D /* background.js */,
				DDAA5952187ECA2FF5B96420 /* index.js */,
				DDAA5223044005BFC70BD5DE /* usb.c */,
				DDAA5518BC9939B7C36FE0B9 /* jquery.flot.resize.js */,
				DDAA507CC79F9033457329F7 /* geometry.js */,
				DDAA54F29F1F185A35EE1B8C /* jsparse.js */,
				DDAA50787FD3BD28F80E1F0D /* test.py */,
				DDAA56FDF85987C80CFAD40D /* tux.ngc */,
				DDAA5C39B59BE70527721DE7 /* cnc.h */,
				DDAA56B90C5F7FBE9FC0A534 /* usbdesc.c */,
			);
			sourceTree = "<group>";
		};
		EE861329172A02F7008B2029 /* Products */ = {
			isa = PBXGroup;
			children = (
				EE861328172A02F7008B2029 /* interpolator */,
			);
			name = Products;
			sourceTree = "<group>";
		};
		EE86132A172A02F7008B2029 /* interpolator */ = {
			isa = PBXGroup;
			children = (
				EE86132B172A02F7008B2029 /* main.c */,
				EE861332172A0501008B2029 /* main.c */,
				EE861333172A0501008B2029 /* Makefile */,
			);
			name = interpolator;
			path = test;
			sourceTree = "<group>";
		};
/* End PBXGroup section */

/* Begin PBXLegacyTarget section */
		EE0864381729F61A00AB3B0B /* webgcode */ = {
			isa = PBXLegacyTarget;
			buildArgumentsString = "$(ACTION)";
			buildConfigurationList = EE08643B1729F61A00AB3B0B /* Build configuration list for PBXLegacyTarget "webgcode" */;
			buildPhases = (
			);
			buildToolPath = /usr/bin/make;
			dependencies = (
			);
			name = webgcode;
			passBuildSettingsInEnvironment = 1;
			productName = webgcode;
		};
/* End PBXLegacyTarget section */

/* Begin PBXNativeTarget section */
		EE861327172A02F7008B2029 /* interpolator */ = {
			isa = PBXNativeTarget;
			buildConfigurationList = EE86132F172A02F7008B2029 /* Build configuration list for PBXNativeTarget "interpolator" */;
			buildPhases = (
				EE861324172A02F7008B2029 /* Sources */,
				EE861325172A02F7008B2029 /* Frameworks */,
				EE861326172A02F7008B2029 /* CopyFiles */,
			);
			buildRules = (
			);
			dependencies = (
			);
			name = interpolator;
			productName = test;
			productReference = EE861328172A02F7008B2029 /* interpolator */;
			productType = "com.apple.product-type.tool";
		};
/* End PBXNativeTarget section */

/* Begin PBXProject section */
		EE0864341729F61900AB3B0B /* Project object */ = {
			isa = PBXProject;
			attributes = {
				LastUpgradeCheck = 0460;
				ORGANIZATIONNAME = "Nicolas Raynaud";
			};
			buildConfigurationList = EE0864371729F61900AB3B0B /* Build configuration list for PBXProject "webgcode" */;
			compatibilityVersion = "Xcode 3.2";
			developmentRegion = English;
			hasScannedForEncodings = 0;
			knownRegions = (
				en,
			);
			mainGroup = EE0864331729F61900AB3B0B;
			productRefGroup = EE861329172A02F7008B2029 /* Products */;
			projectDirPath = "";
			projectRoot = "";
			targets = (
				EE0864381729F61A00AB3B0B /* webgcode */,
				EE861327172A02F7008B2029 /* interpolator */,
			);
		};
/* End PBXProject section */

/* Begin PBXSourcesBuildPhase section */
		EE861324172A02F7008B2029 /* Sources */ = {
			isa = PBXSourcesBuildPhase;
			buildActionMask = 2147483647;
			files = (
				EE86132C172A02F7008B2029 /* main.c in Sources */,
				EE861334172A0501008B2029 /* main.c in Sources */,
				EE861335172A0502008B2029 /* Makefile in Sources */,
				DDAA524E6774021C15E7F044 /* background.js in Sources */,
				DDAA5112A98CF57045D5EC46 /* index.js in Sources */,
				DDAA5B6641CFBF0C81D7B5CF /* usb.c in Sources */,
				DDAA5CDD5DCBC168FB293986 /* jquery.flot.resize.js in Sources */,
				DDAA5E39B611B3CD37DFF97F /* geometry.js in Sources */,
				DDAA5D86ED26C5CD14D88228 /* jsparse.js in Sources */,
				DDAA5CA52329A23DE4500854 /* usbdesc.c in Sources */,
			);
			runOnlyForDeploymentPostprocessing = 0;
		};
/* End PBXSourcesBuildPhase section */

/* Begin XCBuildConfiguration section */
		EE0864391729F61A00AB3B0B /* Debug */ = {
			isa = XCBuildConfiguration;
			buildSettings = {
				ALWAYS_SEARCH_USER_PATHS = NO;
				ARCHS = "$(ARCHS_STANDARD_64_BIT)";
				CLANG_CXX_LANGUAGE_STANDARD = "gnu++0x";
				CLANG_CXX_LIBRARY = "libc++";
				CLANG_WARN_CONSTANT_CONVERSION = YES;
				CLANG_WARN_EMPTY_BODY = YES;
				CLANG_WARN_ENUM_CONVERSION = YES;
				CLANG_WARN_INT_CONVERSION = YES;
				CLANG_WARN__DUPLICATE_METHOD_MATCH = YES;
				COPY_PHASE_STRIP = NO;
				GCC_C_LANGUAGE_STANDARD = gnu99;
				GCC_DYNAMIC_NO_PIC = NO;
				GCC_ENABLE_OBJC_EXCEPTIONS = YES;
				GCC_OPTIMIZATION_LEVEL = 0;
				GCC_PREPROCESSOR_DEFINITIONS = (
					"DEBUG=1",
					"$(inherited)",
				);
				GCC_SYMBOLS_PRIVATE_EXTERN = NO;
				GCC_WARN_64_TO_32_BIT_CONVERSION = YES;
				GCC_WARN_ABOUT_RETURN_TYPE = YES;
				GCC_WARN_UNINITIALIZED_AUTOS = YES;
				GCC_WARN_UNUSED_VARIABLE = YES;
				MACOSX_DEPLOYMENT_TARGET = 10.8;
				ONLY_ACTIVE_ARCH = YES;
				SDKROOT = macosx;
			};
			name = Debug;
		};
		EE08643A1729F61A00AB3B0B /* Release */ = {
			isa = XCBuildConfiguration;
			buildSettings = {
				ALWAYS_SEARCH_USER_PATHS = NO;
				ARCHS = "$(ARCHS_STANDARD_64_BIT)";
				CLANG_CXX_LANGUAGE_STANDARD = "gnu++0x";
				CLANG_CXX_LIBRARY = "libc++";
				CLANG_WARN_CONSTANT_CONVERSION = YES;
				CLANG_WARN_EMPTY_BODY = YES;
				CLANG_WARN_ENUM_CONVERSION = YES;
				CLANG_WARN_INT_CONVERSION = YES;
				CLANG_WARN__DUPLICATE_METHOD_MATCH = YES;
				COPY_PHASE_STRIP = YES;
				DEBUG_INFORMATION_FORMAT = "dwarf-with-dsym";
				GCC_C_LANGUAGE_STANDARD = gnu99;
				GCC_ENABLE_OBJC_EXCEPTIONS = YES;
				GCC_WARN_64_TO_32_BIT_CONVERSION = YES;
				GCC_WARN_ABOUT_RETURN_TYPE = YES;
				GCC_WARN_UNINITIALIZED_AUTOS = YES;
				GCC_WARN_UNUSED_VARIABLE = YES;
				MACOSX_DEPLOYMENT_TARGET = 10.8;
				SDKROOT = macosx;
			};
			name = Release;
		};
		EE08643C1729F61A00AB3B0B /* Debug */ = {
			isa = XCBuildConfiguration;
			buildSettings = {
				DEBUGGING_SYMBOLS = YES;
				GCC_GENERATE_DEBUGGING_SYMBOLS = YES;
				GCC_OPTIMIZATION_LEVEL = 0;
				HEADER_SEARCH_PATHS = /Users/nraynaud/dev/STM32F4.platform/Developer/SDKs/STM34F4.sdk/usr/include;
				OTHER_CFLAGS = "";
				OTHER_LDFLAGS = "";
				PRODUCT_NAME = "$(TARGET_NAME)";
			};
			name = Debug;
		};
		EE08643D1729F61A00AB3B0B /* Release */ = {
			isa = XCBuildConfiguration;
			buildSettings = {
				HEADER_SEARCH_PATHS = /Users/nraynaud/dev/STM32F4.platform/Developer/SDKs/STM34F4.sdk/usr/include;
				OTHER_CFLAGS = "";
				OTHER_LDFLAGS = "";
				PRODUCT_NAME = "$(TARGET_NAME)";
			};
			name = Release;
		};
		EE861330172A02F7008B2029 /* Debug */ = {
			isa = XCBuildConfiguration;
			buildSettings = {
				ADDITIONAL_SDKS = /Users/nraynaud/dev/STM32F4.platform/Developer/SDKs/STM34F4.sdk;
				PRODUCT_NAME = "$(TARGET_NAME)";
			};
			name = Debug;
		};
		EE861331172A02F7008B2029 /* Release */ = {
			isa = XCBuildConfiguration;
			buildSettings = {
				ADDITIONAL_SDKS = /Users/nraynaud/dev/STM32F4.platform/Developer/SDKs/STM34F4.sdk;
				PRODUCT_NAME = "$(TARGET_NAME)";
			};
			name = Release;
		};
/* End XCBuildConfiguration section */

/* Begin XCConfigurationList section */
		EE0864371729F61900AB3B0B /* Build configuration list for PBXProject "webgcode" */ = {
			isa = XCConfigurationList;
			buildConfigurations = (
				EE0864391729F61A00AB3B0B /* Debug */,
				EE08643A1729F61A00AB3B0B /* Release */,
			);
			defaultConfigurationIsVisible = 0;
			defaultConfigurationName = Release;
		};
		EE08643B1729F61A00AB3B0B /* Build configuration list for PBXLegacyTarget "webgcode" */ = {
			isa = XCConfigurationList;
			buildConfigurations = (
				EE08643C1729F61A00AB3B0B /* Debug */,
				EE08643D1729F61A00AB3B0B /* Release */,
			);
			defaultConfigurationIsVisible = 0;
			defaultConfigurationName = Release;
		};
		EE86132F172A02F7008B2029 /* Build configuration list for PBXNativeTarget "interpolator" */ = {
			isa = XCConfigurationList;
			buildConfigurations = (
				EE861330172A02F7008B2029 /* Debug */,
				EE861331172A02F7008B2029 /* Release */,
			);
			defaultConfigurationIsVisible = 0;
			defaultConfigurationName = Release;
		};
/* End XCConfigurationList section */
	};
	rootObject = EE0864341729F61900AB3B0B /* Project object */;
}
